
Microsoft Visual Studio Solution File, Format Version 12.00
# Visual Studio Version 16
VisualStudioVersion = 16.0.28729.10
MinimumVisualStudioVersion = 10.0.40219.1
Project("{2150E333-8FDC-42A3-9474-1A3956D46DE8}") = "src", "src", "{9C532F6D-7563-4D26-B89B-E4069760C051}"
EndProject
Project("{2150E333-8FDC-42A3-9474-1A3956D46DE8}") = "test", "test", "{8F923E05-8502-4D3A-BC0C-6081618C8A83}"
EndProject
Project("{2150E333-8FDC-42A3-9474-1A3956D46DE8}") = ".nuget", ".nuget", "{4A7BB395-0928-417D-A011-F96E36BF5E89}"
	ProjectSection(SolutionItems) = preProject
		nuget.config = nuget.config
	EndProjectSection
EndProject
Project("{FAE04EC0-301F-11D3-BF4B-00C04F79EFBC}") = "OW.Experts.WebUI", "src\OW.Experts.WebUI\OW.Experts.WebUI.csproj", "{2A590126-C546-4DE1-8E2D-E354A44918DB}"
EndProject
Project("{FAE04EC0-301F-11D3-BF4B-00C04F79EFBC}") = "OW.Experts.WebUI.CompositionRoot", "src\OW.Experts.WebUI.CompositionRoot\OW.Experts.WebUI.CompositionRoot.csproj", "{95FBB119-653F-4B5F-8DAC-6BE3D98ED6EB}"
EndProject
Project("{FAE04EC0-301F-11D3-BF4B-00C04F79EFBC}") = "OW.Experts.WebUI.Tests", "test\OW.Experts.WebUI.Tests\OW.Experts.WebUI.Tests.csproj", "{4B2494DE-6A21-4459-8FBE-4A6D34835F25}"
EndProject
Project("{9A19103F-16F7-4668-BE54-9A1E7A4F7556}") = "OW.Experts.Domain", "src\OW.Experts.Domain\OW.Experts.Domain.csproj", "{5481F908-6639-45DE-9FF7-CB994365C1A5}"
EndProject
Project("{9A19103F-16F7-4668-BE54-9A1E7A4F7556}") = "OW.Experts.Domain.Infrastructure", "src\OW.Experts.Domain.Infrastructure\OW.Experts.Domain.Infrastructure.csproj", "{01A81D14-6CB0-4299-9A22-A3A91ABEB784}"
EndProject
Project("{9A19103F-16F7-4668-BE54-9A1E7A4F7556}") = "OW.Experts.Domain.Linq", "src\OW.Experts.Domain.Linq\OW.Experts.Domain.Linq.csproj", "{976CA93D-6DD7-4F5A-83E9-B1DE2F8AD667}"
EndProject
Project("{9A19103F-16F7-4668-BE54-9A1E7A4F7556}") = "OW.Experts.Domain.NHibernate", "src\OW.Experts.Domain.NHibernate\OW.Experts.Domain.NHibernate.csproj", "{5CD3AE46-A389-4A84-B494-04A587B4B853}"
EndProject
Project("{9A19103F-16F7-4668-BE54-9A1E7A4F7556}") = "OW.Experts.Domain.Services", "src\OW.Experts.Domain.Services\OW.Experts.Domain.Services.csproj", "{8B414192-83B0-4C21-A960-34E5255C1A3C}"
EndProject
Project("{9A19103F-16F7-4668-BE54-9A1E7A4F7556}") = "OW.Experts.Data.Seed", "src\OW.Experts.Data.Seed\OW.Experts.Data.Seed.csproj", "{5130CE86-2946-473E-89A8-FC9D60723F36}"
EndProject
Project("{9A19103F-16F7-4668-BE54-9A1E7A4F7556}") = "OW.Experts.Domain.Infrastructure.Tests", "test\OW.Experts.Domain.Infrastructure.Tests\OW.Experts.Domain.Infrastructure.Tests.csproj", "{960A2942-0D71-401A-A0BC-EE49F9B1B3E7}"
EndProject
Project("{9A19103F-16F7-4668-BE54-9A1E7A4F7556}") = "OW.Experts.Domain.Services.Tests", "test\OW.Experts.Domain.Services.Tests\OW.Experts.Domain.Services.Tests.csproj", "{5CF3B7C1-27DE-4150-BC99-11DB9D519EB5}"
EndProject
Project("{9A19103F-16F7-4668-BE54-9A1E7A4F7556}") = "OW.Experts.Domain.Tests", "test\OW.Experts.Domain.Tests\OW.Experts.Domain.Tests.csproj", "{4356BD26-426C-43DE-98EC-CFCDB8EF07B7}"
EndProject
Project("{9A19103F-16F7-4668-BE54-9A1E7A4F7556}") = "OW.Experts.IntergrationTests", "test\OW.Experts.IntergrationTests\OW.Experts.IntergrationTests.csproj", "{794FA0AD-3E06-4973-A440-8E73218C2203}"
EndProject
Project("{9A19103F-16F7-4668-BE54-9A1E7A4F7556}") = "OW.Experts.Test.Framework", "test\OW.Experts.Test.Framework\OW.Experts.Test.Framework.csproj", "{8BD4961F-4590-4674-B45B-6D42D05573A9}"
EndProject
Project("{9A19103F-16F7-4668-BE54-9A1E7A4F7556}") = "OW.Experts.Test.Framework.Tests", "test\OW.Experts.Test.Framework.Tests\OW.Experts.Test.Framework.Tests.csproj", "{2563B02B-0216-4844-975F-F999CE231DDE}"
EndProject
Project("{2150E333-8FDC-42A3-9474-1A3956D46DE8}") = "build", "build", "{EEFABE58-85B3-4AAE-A9BB-1F590A272847}"
	ProjectSection(SolutionItems) = preProject
		.editorconfig = .editorconfig
		Directory.Build.props = Directory.Build.props
		stylecop.json = stylecop.json
		StyleCop.props = StyleCop.props
		StyleCop.ruleset = StyleCop.ruleset
	EndProjectSection
EndProject
Global
	GlobalSection(SolutionConfigurationPlatforms) = preSolution
		Debug|Any CPU = Debug|Any CPU
		Debug|ARM = Debug|ARM
		Debug|x64 = Debug|x64
		Debug|x86 = Debug|x86
		Release|Any CPU = Release|Any CPU
		Release|ARM = Release|ARM
		Release|x64 = Release|x64
		Release|x86 = Release|x86
	EndGlobalSection
	GlobalSection(ProjectConfigurationPlatforms) = postSolution
		{2A590126-C546-4DE1-8E2D-E354A44918DB}.Debug|Any CPU.ActiveCfg = Debug|Any CPU
		{2A590126-C546-4DE1-8E2D-E354A44918DB}.Debug|Any CPU.Build.0 = Debug|Any CPU
		{2A590126-C546-4DE1-8E2D-E354A44918DB}.Debug|ARM.ActiveCfg = Debug|Any CPU
		{2A590126-C546-4DE1-8E2D-E354A44918DB}.Debug|ARM.Build.0 = Debug|Any CPU
		{2A590126-C546-4DE1-8E2D-E354A44918DB}.Debug|x64.ActiveCfg = Debug|Any CPU
		{2A590126-C546-4DE1-8E2D-E354A44918DB}.Debug|x64.Build.0 = Debug|Any CPU
		{2A590126-C546-4DE1-8E2D-E354A44918DB}.Debug|x86.ActiveCfg = Debug|Any CPU
		{2A590126-C546-4DE1-8E2D-E354A44918DB}.Debug|x86.Build.0 = Debug|Any CPU
		{2A590126-C546-4DE1-8E2D-E354A44918DB}.Release|Any CPU.ActiveCfg = Release|Any CPU
		{2A590126-C546-4DE1-8E2D-E354A44918DB}.Release|Any CPU.Build.0 = Release|Any CPU
		{2A590126-C546-4DE1-8E2D-E354A44918DB}.Release|ARM.ActiveCfg = Release|Any CPU
		{2A590126-C546-4DE1-8E2D-E354A44918DB}.Release|ARM.Build.0 = Release|Any CPU
		{2A590126-C546-4DE1-8E2D-E354A44918DB}.Release|x64.ActiveCfg = Release|Any CPU
		{2A590126-C546-4DE1-8E2D-E354A44918DB}.Release|x64.Build.0 = Release|Any CPU
		{2A590126-C546-4DE1-8E2D-E354A44918DB}.Release|x86.ActiveCfg = Release|Any CPU
		{2A590126-C546-4DE1-8E2D-E354A44918DB}.Release|x86.Build.0 = Release|Any CPU
		{95FBB119-653F-4B5F-8DAC-6BE3D98ED6EB}.Debug|Any CPU.ActiveCfg = Debug|Any CPU
		{95FBB119-653F-4B5F-8DAC-6BE3D98ED6EB}.Debug|Any CPU.Build.0 = Debug|Any CPU
		{95FBB119-653F-4B5F-8DAC-6BE3D98ED6EB}.Debug|ARM.ActiveCfg = Debug|Any CPU
		{95FBB119-653F-4B5F-8DAC-6BE3D98ED6EB}.Debug|ARM.Build.0 = Debug|Any CPU
		{95FBB119-653F-4B5F-8DAC-6BE3D98ED6EB}.Debug|x64.ActiveCfg = Debug|Any CPU
		{95FBB119-653F-4B5F-8DAC-6BE3D98ED6EB}.Debug|x64.Build.0 = Debug|Any CPU
		{95FBB119-653F-4B5F-8DAC-6BE3D98ED6EB}.Debug|x86.ActiveCfg = Debug|Any CPU
		{95FBB119-653F-4B5F-8DAC-6BE3D98ED6EB}.Debug|x86.Build.0 = Debug|Any CPU
		{95FBB119-653F-4B5F-8DAC-6BE3D98ED6EB}.Release|Any CPU.ActiveCfg = Release|Any CPU
		{95FBB119-653F-4B5F-8DAC-6BE3D98ED6EB}.Release|Any CPU.Build.0 = Release|Any CPU
		{95FBB119-653F-4B5F-8DAC-6BE3D98ED6EB}.Release|ARM.ActiveCfg = Release|Any CPU
		{95FBB119-653F-4B5F-8DAC-6BE3D98ED6EB}.Release|ARM.Build.0 = Release|Any CPU
		{95FBB119-653F-4B5F-8DAC-6BE3D98ED6EB}.Release|x64.ActiveCfg = Release|Any CPU
		{95FBB119-653F-4B5F-8DAC-6BE3D98ED6EB}.Release|x64.Build.0 = Release|Any CPU
		{95FBB119-653F-4B5F-8DAC-6BE3D98ED6EB}.Release|x86.ActiveCfg = Release|Any CPU
		{95FBB119-653F-4B5F-8DAC-6BE3D98ED6EB}.Release|x86.Build.0 = Release|Any CPU
		{4B2494DE-6A21-4459-8FBE-4A6D34835F25}.Debug|Any CPU.ActiveCfg = Debug|Any CPU
		{4B2494DE-6A21-4459-8FBE-4A6D34835F25}.Debug|Any CPU.Build.0 = Debug|Any CPU
		{4B2494DE-6A21-4459-8FBE-4A6D34835F25}.Debug|ARM.ActiveCfg = Debug|Any CPU
		{4B2494DE-6A21-4459-8FBE-4A6D34835F25}.Debug|ARM.Build.0 = Debug|Any CPU
		{4B2494DE-6A21-4459-8FBE-4A6D34835F25}.Debug|x64.ActiveCfg = Debug|Any CPU
		{4B2494DE-6A21-4459-8FBE-4A6D34835F25}.Debug|x64.Build.0 = Debug|Any CPU
		{4B2494DE-6A21-4459-8FBE-4A6D34835F25}.Debug|x86.ActiveCfg = Debug|Any CPU
		{4B2494DE-6A21-4459-8FBE-4A6D34835F25}.Debug|x86.Build.0 = Debug|Any CPU
		{4B2494DE-6A21-4459-8FBE-4A6D34835F25}.Release|Any CPU.ActiveCfg = Release|Any CPU
		{4B2494DE-6A21-4459-8FBE-4A6D34835F25}.Release|Any CPU.Build.0 = Release|Any CPU
		{4B2494DE-6A21-4459-8FBE-4A6D34835F25}.Release|ARM.ActiveCfg = Release|Any CPU
		{4B2494DE-6A21-4459-8FBE-4A6D34835F25}.Release|ARM.Build.0 = Release|Any CPU
		{4B2494DE-6A21-4459-8FBE-4A6D34835F25}.Release|x64.ActiveCfg = Release|Any CPU
		{4B2494DE-6A21-4459-8FBE-4A6D34835F25}.Release|x64.Build.0 = Release|Any CPU
		{4B2494DE-6A21-4459-8FBE-4A6D34835F25}.Release|x86.ActiveCfg = Release|Any CPU
		{4B2494DE-6A21-4459-8FBE-4A6D34835F25}.Release|x86.Build.0 = Release|Any CPU
		{5481F908-6639-45DE-9FF7-CB994365C1A5}.Debug|Any CPU.ActiveCfg = Debug|Any CPU
		{5481F908-6639-45DE-9FF7-CB994365C1A5}.Debug|Any CPU.Build.0 = Debug|Any CPU
		{5481F908-6639-45DE-9FF7-CB994365C1A5}.Debug|ARM.ActiveCfg = Debug|Any CPU
		{5481F908-6639-45DE-9FF7-CB994365C1A5}.Debug|ARM.Build.0 = Debug|Any CPU
		{5481F908-6639-45DE-9FF7-CB994365C1A5}.Debug|x64.ActiveCfg = Debug|Any CPU
		{5481F908-6639-45DE-9FF7-CB994365C1A5}.Debug|x64.Build.0 = Debug|Any CPU
		{5481F908-6639-45DE-9FF7-CB994365C1A5}.Debug|x86.ActiveCfg = Debug|Any CPU
		{5481F908-6639-45DE-9FF7-CB994365C1A5}.Debug|x86.Build.0 = Debug|Any CPU
		{5481F908-6639-45DE-9FF7-CB994365C1A5}.Release|Any CPU.ActiveCfg = Release|Any CPU
		{5481F908-6639-45DE-9FF7-CB994365C1A5}.Release|Any CPU.Build.0 = Release|Any CPU
		{5481F908-6639-45DE-9FF7-CB994365C1A5}.Release|ARM.ActiveCfg = Release|Any CPU
		{5481F908-6639-45DE-9FF7-CB994365C1A5}.Release|ARM.Build.0 = Release|Any CPU
		{5481F908-6639-45DE-9FF7-CB994365C1A5}.Release|x64.ActiveCfg = Release|Any CPU
		{5481F908-6639-45DE-9FF7-CB994365C1A5}.Release|x64.Build.0 = Release|Any CPU
		{5481F908-6639-45DE-9FF7-CB994365C1A5}.Release|x86.ActiveCfg = Release|Any CPU
		{5481F908-6639-45DE-9FF7-CB994365C1A5}.Release|x86.Build.0 = Release|Any CPU
		{01A81D14-6CB0-4299-9A22-A3A91ABEB784}.Debug|Any CPU.ActiveCfg = Debug|Any CPU
		{01A81D14-6CB0-4299-9A22-A3A91ABEB784}.Debug|Any CPU.Build.0 = Debug|Any CPU
		{01A81D14-6CB0-4299-9A22-A3A91ABEB784}.Debug|ARM.ActiveCfg = Debug|Any CPU
		{01A81D14-6CB0-4299-9A22-A3A91ABEB784}.Debug|ARM.Build.0 = Debug|Any CPU
		{01A81D14-6CB0-4299-9A22-A3A91ABEB784}.Debug|x64.ActiveCfg = Debug|Any CPU
		{01A81D14-6CB0-4299-9A22-A3A91ABEB784}.Debug|x64.Build.0 = Debug|Any CPU
		{01A81D14-6CB0-4299-9A22-A3A91ABEB784}.Debug|x86.ActiveCfg = Debug|Any CPU
		{01A81D14-6CB0-4299-9A22-A3A91ABEB784}.Debug|x86.Build.0 = Debug|Any CPU
		{01A81D14-6CB0-4299-9A22-A3A91ABEB784}.Release|Any CPU.ActiveCfg = Release|Any CPU
		{01A81D14-6CB0-4299-9A22-A3A91ABEB784}.Release|Any CPU.Build.0 = Release|Any CPU
		{01A81D14-6CB0-4299-9A22-A3A91ABEB784}.Release|ARM.ActiveCfg = Release|Any CPU
		{01A81D14-6CB0-4299-9A22-A3A91ABEB784}.Release|ARM.Build.0 = Release|Any CPU
		{01A81D14-6CB0-4299-9A22-A3A91ABEB784}.Release|x64.ActiveCfg = Release|Any CPU
		{01A81D14-6CB0-4299-9A22-A3A91ABEB784}.Release|x64.Build.0 = Release|Any CPU
		{01A81D14-6CB0-4299-9A22-A3A91ABEB784}.Release|x86.ActiveCfg = Release|Any CPU
		{01A81D14-6CB0-4299-9A22-A3A91ABEB784}.Release|x86.Build.0 = Release|Any CPU
		{976CA93D-6DD7-4F5A-83E9-B1DE2F8AD667}.Debug|Any CPU.ActiveCfg = Debug|Any CPU
		{976CA93D-6DD7-4F5A-83E9-B1DE2F8AD667}.Debug|Any CPU.Build.0 = Debug|Any CPU
		{976CA93D-6DD7-4F5A-83E9-B1DE2F8AD667}.Debug|ARM.ActiveCfg = Debug|Any CPU
		{976CA93D-6DD7-4F5A-83E9-B1DE2F8AD667}.Debug|ARM.Build.0 = Debug|Any CPU
		{976CA93D-6DD7-4F5A-83E9-B1DE2F8AD667}.Debug|x64.ActiveCfg = Debug|Any CPU
		{976CA93D-6DD7-4F5A-83E9-B1DE2F8AD667}.Debug|x64.Build.0 = Debug|Any CPU
		{976CA93D-6DD7-4F5A-83E9-B1DE2F8AD667}.Debug|x86.ActiveCfg = Debug|Any CPU
		{976CA93D-6DD7-4F5A-83E9-B1DE2F8AD667}.Debug|x86.Build.0 = Debug|Any CPU
		{976CA93D-6DD7-4F5A-83E9-B1DE2F8AD667}.Release|Any CPU.ActiveCfg = Release|Any CPU
		{976CA93D-6DD7-4F5A-83E9-B1DE2F8AD667}.Release|Any CPU.Build.0 = Release|Any CPU
		{976CA93D-6DD7-4F5A-83E9-B1DE2F8AD667}.Release|ARM.ActiveCfg = Release|Any CPU
		{976CA93D-6DD7-4F5A-83E9-B1DE2F8AD667}.Release|ARM.Build.0 = Release|Any CPU
		{976CA93D-6DD7-4F5A-83E9-B1DE2F8AD667}.Release|x64.ActiveCfg = Release|Any CPU
		{976CA93D-6DD7-4F5A-83E9-B1DE2F8AD667}.Release|x64.Build.0 = Release|Any CPU
		{976CA93D-6DD7-4F5A-83E9-B1DE2F8AD667}.Release|x86.ActiveCfg = Release|Any CPU
		{976CA93D-6DD7-4F5A-83E9-B1DE2F8AD667}.Release|x86.Build.0 = Release|Any CPU
		{5CD3AE46-A389-4A84-B494-04A587B4B853}.Debug|Any CPU.ActiveCfg = Debug|Any CPU
		{5CD3AE46-A389-4A84-B494-04A587B4B853}.Debug|Any CPU.Build.0 = Debug|Any CPU
		{5CD3AE46-A389-4A84-B494-04A587B4B853}.Debug|ARM.ActiveCfg = Debug|Any CPU
		{5CD3AE46-A389-4A84-B494-04A587B4B853}.Debug|ARM.Build.0 = Debug|Any CPU
		{5CD3AE46-A389-4A84-B494-04A587B4B853}.Debug|x64.ActiveCfg = Debug|Any CPU
		{5CD3AE46-A389-4A84-B494-04A587B4B853}.Debug|x64.Build.0 = Debug|Any CPU
		{5CD3AE46-A389-4A84-B494-04A587B4B853}.Debug|x86.ActiveCfg = Debug|Any CPU
		{5CD3AE46-A389-4A84-B494-04A587B4B853}.Debug|x86.Build.0 = Debug|Any CPU
		{5CD3AE46-A389-4A84-B494-04A587B4B853}.Release|Any CPU.ActiveCfg = Release|Any CPU
		{5CD3AE46-A389-4A84-B494-04A587B4B853}.Release|Any CPU.Build.0 = Release|Any CPU
		{5CD3AE46-A389-4A84-B494-04A587B4B853}.Release|ARM.ActiveCfg = Release|Any CPU
		{5CD3AE46-A389-4A84-B494-04A587B4B853}.Release|ARM.Build.0 = Release|Any CPU
		{5CD3AE46-A389-4A84-B494-04A587B4B853}.Release|x64.ActiveCfg = Release|Any CPU
		{5CD3AE46-A389-4A84-B494-04A587B4B853}.Release|x64.Build.0 = Release|Any CPU
		{5CD3AE46-A389-4A84-B494-04A587B4B853}.Release|x86.ActiveCfg = Release|Any CPU
		{5CD3AE46-A389-4A84-B494-04A587B4B853}.Release|x86.Build.0 = Release|Any CPU
		{8B414192-83B0-4C21-A960-34E5255C1A3C}.Debug|Any CPU.ActiveCfg = Debug|Any CPU
		{8B414192-83B0-4C21-A960-34E5255C1A3C}.Debug|Any CPU.Build.0 = Debug|Any CPU
		{8B414192-83B0-4C21-A960-34E5255C1A3C}.Debug|ARM.ActiveCfg = Debug|Any CPU
		{8B414192-83B0-4C21-A960-34E5255C1A3C}.Debug|ARM.Build.0 = Debug|Any CPU
		{8B414192-83B0-4C21-A960-34E5255C1A3C}.Debug|x64.ActiveCfg = Debug|Any CPU
		{8B414192-83B0-4C21-A960-34E5255C1A3C}.Debug|x64.Build.0 = Debug|Any CPU
		{8B414192-83B0-4C21-A960-34E5255C1A3C}.Debug|x86.ActiveCfg = Debug|Any CPU
		{8B414192-83B0-4C21-A960-34E5255C1A3C}.Debug|x86.Build.0 = Debug|Any CPU
		{8B414192-83B0-4C21-A960-34E5255C1A3C}.Release|Any CPU.ActiveCfg = Release|Any CPU
		{8B414192-83B0-4C21-A960-34E5255C1A3C}.Release|Any CPU.Build.0 = Release|Any CPU
		{8B414192-83B0-4C21-A960-34E5255C1A3C}.Release|ARM.ActiveCfg = Release|Any CPU
		{8B414192-83B0-4C21-A960-34E5255C1A3C}.Release|ARM.Build.0 = Release|Any CPU
		{8B414192-83B0-4C21-A960-34E5255C1A3C}.Release|x64.ActiveCfg = Release|Any CPU
		{8B414192-83B0-4C21-A960-34E5255C1A3C}.Release|x64.Build.0 = Release|Any CPU
		{8B414192-83B0-4C21-A960-34E5255C1A3C}.Release|x86.ActiveCfg = Release|Any CPU
		{8B414192-83B0-4C21-A960-34E5255C1A3C}.Release|x86.Build.0 = Release|Any CPU
		{5130CE86-2946-473E-89A8-FC9D60723F36}.Debug|Any CPU.ActiveCfg = Debug|Any CPU
		{5130CE86-2946-473E-89A8-FC9D60723F36}.Debug|Any CPU.Build.0 = Debug|Any CPU
		{5130CE86-2946-473E-89A8-FC9D60723F36}.Debug|ARM.ActiveCfg = Debug|Any CPU
		{5130CE86-2946-473E-89A8-FC9D60723F36}.Debug|ARM.Build.0 = Debug|Any CPU
		{5130CE86-2946-473E-89A8-FC9D60723F36}.Debug|x64.ActiveCfg = Debug|Any CPU
		{5130CE86-2946-473E-89A8-FC9D60723F36}.Debug|x64.Build.0 = Debug|Any CPU
		{5130CE86-2946-473E-89A8-FC9D60723F36}.Debug|x86.ActiveCfg = Debug|Any CPU
		{5130CE86-2946-473E-89A8-FC9D60723F36}.Debug|x86.Build.0 = Debug|Any CPU
		{5130CE86-2946-473E-89A8-FC9D60723F36}.Release|Any CPU.ActiveCfg = Release|Any CPU
		{5130CE86-2946-473E-89A8-FC9D60723F36}.Release|Any CPU.Build.0 = Release|Any CPU
		{5130CE86-2946-473E-89A8-FC9D60723F36}.Release|ARM.ActiveCfg = Release|Any CPU
		{5130CE86-2946-473E-89A8-FC9D60723F36}.Release|ARM.Build.0 = Release|Any CPU
		{5130CE86-2946-473E-89A8-FC9D60723F36}.Release|x64.ActiveCfg = Release|Any CPU
		{5130CE86-2946-473E-89A8-FC9D60723F36}.Release|x64.Build.0 = Release|Any CPU
		{5130CE86-2946-473E-89A8-FC9D60723F36}.Release|x86.ActiveCfg = Release|Any CPU
		{5130CE86-2946-473E-89A8-FC9D60723F36}.Release|x86.Build.0 = Release|Any CPU
		{960A2942-0D71-401A-A0BC-EE49F9B1B3E7}.Debug|Any CPU.ActiveCfg = Debug|Any CPU
		{960A2942-0D71-401A-A0BC-EE49F9B1B3E7}.Debug|Any CPU.Build.0 = Debug|Any CPU
		{960A2942-0D71-401A-A0BC-EE49F9B1B3E7}.Debug|ARM.ActiveCfg = Debug|Any CPU
		{960A2942-0D71-401A-A0BC-EE49F9B1B3E7}.Debug|ARM.Build.0 = Debug|Any CPU
		{960A2942-0D71-401A-A0BC-EE49F9B1B3E7}.Debug|x64.ActiveCfg = Debug|Any CPU
		{960A2942-0D71-401A-A0BC-EE49F9B1B3E7}.Debug|x64.Build.0 = Debug|Any CPU
		{960A2942-0D71-401A-A0BC-EE49F9B1B3E7}.Debug|x86.ActiveCfg = Debug|Any CPU
		{960A2942-0D71-401A-A0BC-EE49F9B1B3E7}.Debug|x86.Build.0 = Debug|Any CPU
		{960A2942-0D71-401A-A0BC-EE49F9B1B3E7}.Release|Any CPU.ActiveCfg = Release|Any CPU
		{960A2942-0D71-401A-A0BC-EE49F9B1B3E7}.Release|Any CPU.Build.0 = Release|Any CPU
		{960A2942-0D71-401A-A0BC-EE49F9B1B3E7}.Release|ARM.ActiveCfg = Release|Any CPU
		{960A2942-0D71-401A-A0BC-EE49F9B1B3E7}.Release|ARM.Build.0 = Release|Any CPU
		{960A2942-0D71-401A-A0BC-EE49F9B1B3E7}.Release|x64.ActiveCfg = Release|Any CPU
		{960A2942-0D71-401A-A0BC-EE49F9B1B3E7}.Release|x64.Build.0 = Release|Any CPU
		{960A2942-0D71-401A-A0BC-EE49F9B1B3E7}.Release|x86.ActiveCfg = Release|Any CPU
		{960A2942-0D71-401A-A0BC-EE49F9B1B3E7}.Release|x86.Build.0 = Release|Any CPU
		{5CF3B7C1-27DE-4150-BC99-11DB9D519EB5}.Debug|Any CPU.ActiveCfg = Debug|Any CPU
		{5CF3B7C1-27DE-4150-BC99-11DB9D519EB5}.Debug|Any CPU.Build.0 = Debug|Any CPU
		{5CF3B7C1-27DE-4150-BC99-11DB9D519EB5}.Debug|ARM.ActiveCfg = Debug|Any CPU
		{5CF3B7C1-27DE-4150-BC99-11DB9D519EB5}.Debug|ARM.Build.0 = Debug|Any CPU
		{5CF3B7C1-27DE-4150-BC99-11DB9D519EB5}.Debug|x64.ActiveCfg = Debug|Any CPU
		{5CF3B7C1-27DE-4150-BC99-11DB9D519EB5}.Debug|x64.Build.0 = Debug|Any CPU
		{5CF3B7C1-27DE-4150-BC99-11DB9D519EB5}.Debug|x86.ActiveCfg = Debug|Any CPU
		{5CF3B7C1-27DE-4150-BC99-11DB9D519EB5}.Debug|x86.Build.0 = Debug|Any CPU
		{5CF3B7C1-27DE-4150-BC99-11DB9D519EB5}.Release|Any CPU.ActiveCfg = Release|Any CPU
		{5CF3B7C1-27DE-4150-BC99-11DB9D519EB5}.Release|Any CPU.Build.0 = Release|Any CPU
		{5CF3B7C1-27DE-4150-BC99-11DB9D519EB5}.Release|ARM.ActiveCfg = Release|Any CPU
		{5CF3B7C1-27DE-4150-BC99-11DB9D519EB5}.Release|ARM.Build.0 = Release|Any CPU
		{5CF3B7C1-27DE-4150-BC99-11DB9D519EB5}.Release|x64.ActiveCfg = Release|Any CPU
		{5CF3B7C1-27DE-4150-BC99-11DB9D519EB5}.Release|x64.Build.0 = Release|Any CPU
		{5CF3B7C1-27DE-4150-BC99-11DB9D519EB5}.Release|x86.ActiveCfg = Release|Any CPU
		{5CF3B7C1-27DE-4150-BC99-11DB9D519EB5}.Release|x86.Build.0 = Release|Any CPU
		{4356BD26-426C-43DE-98EC-CFCDB8EF07B7}.Debug|Any CPU.ActiveCfg = Debug|Any CPU
		{4356BD26-426C-43DE-98EC-CFCDB8EF07B7}.Debug|Any CPU.Build.0 = Debug|Any CPU
		{4356BD26-426C-43DE-98EC-CFCDB8EF07B7}.Debug|ARM.ActiveCfg = Debug|Any CPU
		{4356BD26-426C-43DE-98EC-CFCDB8EF07B7}.Debug|ARM.Build.0 = Debug|Any CPU
		{4356BD26-426C-43DE-98EC-CFCDB8EF07B7}.Debug|x64.ActiveCfg = Debug|Any CPU
		{4356BD26-426C-43DE-98EC-CFCDB8EF07B7}.Debug|x64.Build.0 = Debug|Any CPU
		{4356BD26-426C-43DE-98EC-CFCDB8EF07B7}.Debug|x86.ActiveCfg = Debug|Any CPU
		{4356BD26-426C-43DE-98EC-CFCDB8EF07B7}.Debug|x86.Build.0 = Debug|Any CPU
		{4356BD26-426C-43DE-98EC-CFCDB8EF07B7}.Release|Any CPU.ActiveCfg = Release|Any CPU
		{4356BD26-426C-43DE-98EC-CFCDB8EF07B7}.Release|Any CPU.Build.0 = Release|Any CPU
		{4356BD26-426C-43DE-98EC-CFCDB8EF07B7}.Release|ARM.ActiveCfg = Release|Any CPU
		{4356BD26-426C-43DE-98EC-CFCDB8EF07B7}.Release|ARM.Build.0 = Release|Any CPU
		{4356BD26-426C-43DE-98EC-CFCDB8EF07B7}.Release|x64.ActiveCfg = Release|Any CPU
		{4356BD26-426C-43DE-98EC-CFCDB8EF07B7}.Release|x64.Build.0 = Release|Any CPU
		{4356BD26-426C-43DE-98EC-CFCDB8EF07B7}.Release|x86.ActiveCfg = Release|Any CPU
		{4356BD26-426C-43DE-98EC-CFCDB8EF07B7}.Release|x86.Build.0 = Release|Any CPU
		{794FA0AD-3E06-4973-A440-8E73218C2203}.Debug|Any CPU.ActiveCfg = Debug|Any CPU
		{794FA0AD-3E06-4973-A440-8E73218C2203}.Debug|Any CPU.Build.0 = Debug|Any CPU
		{794FA0AD-3E06-4973-A440-8E73218C2203}.Debug|ARM.ActiveCfg = Debug|Any CPU
		{794FA0AD-3E06-4973-A440-8E73218C2203}.Debug|ARM.Build.0 = Debug|Any CPU
		{794FA0AD-3E06-4973-A440-8E73218C2203}.Debug|x64.ActiveCfg = Debug|Any CPU
		{794FA0AD-3E06-4973-A440-8E73218C2203}.Debug|x64.Build.0 = Debug|Any CPU
		{794FA0AD-3E06-4973-A440-8E73218C2203}.Debug|x86.ActiveCfg = Debug|Any CPU
		{794FA0AD-3E06-4973-A440-8E73218C2203}.Debug|x86.Build.0 = Debug|Any CPU
		{794FA0AD-3E06-4973-A440-8E73218C2203}.Release|Any CPU.ActiveCfg = Release|Any CPU
		{794FA0AD-3E06-4973-A440-8E73218C2203}.Release|Any CPU.Build.0 = Release|Any CPU
		{794FA0AD-3E06-4973-A440-8E73218C2203}.Release|ARM.ActiveCfg = Release|Any CPU
		{794FA0AD-3E06-4973-A440-8E73218C2203}.Release|ARM.Build.0 = Release|Any CPU
		{794FA0AD-3E06-4973-A440-8E73218C2203}.Release|x64.ActiveCfg = Release|Any CPU
		{794FA0AD-3E06-4973-A440-8E73218C2203}.Release|x64.Build.0 = Release|Any CPU
		{794FA0AD-3E06-4973-A440-8E73218C2203}.Release|x86.ActiveCfg = Release|Any CPU
		{794FA0AD-3E06-4973-A440-8E73218C2203}.Release|x86.Build.0 = Release|Any CPU
		{8BD4961F-4590-4674-B45B-6D42D05573A9}.Debug|Any CPU.ActiveCfg = Debug|Any CPU
		{8BD4961F-4590-4674-B45B-6D42D05573A9}.Debug|Any CPU.Build.0 = Debug|Any CPU
		{8BD4961F-4590-4674-B45B-6D42D05573A9}.Debug|ARM.ActiveCfg = Debug|Any CPU
		{8BD4961F-4590-4674-B45B-6D42D05573A9}.Debug|ARM.Build.0 = Debug|Any CPU
		{8BD4961F-4590-4674-B45B-6D42D05573A9}.Debug|x64.ActiveCfg = Debug|Any CPU
		{8BD4961F-4590-4674-B45B-6D42D05573A9}.Debug|x64.Build.0 = Debug|Any CPU
		{8BD4961F-4590-4674-B45B-6D42D05573A9}.Debug|x86.ActiveCfg = Debug|Any CPU
		{8BD4961F-4590-4674-B45B-6D42D05573A9}.Debug|x86.Build.0 = Debug|Any CPU
		{8BD4961F-4590-4674-B45B-6D42D05573A9}.Release|Any CPU.ActiveCfg = Release|Any CPU
		{8BD4961F-4590-4674-B45B-6D42D05573A9}.Release|Any CPU.Build.0 = Release|Any CPU
		{8BD4961F-4590-4674-B45B-6D42D05573A9}.Release|ARM.ActiveCfg = Release|Any CPU
		{8BD4961F-4590-4674-B45B-6D42D05573A9}.Release|ARM.Build.0 = Release|Any CPU
		{8BD4961F-4590-4674-B45B-6D42D05573A9}.Release|x64.ActiveCfg = Release|Any CPU
		{8BD4961F-4590-4674-B45B-6D42D05573A9}.Release|x64.Build.0 = Release|Any CPU
		{8BD4961F-4590-4674-B45B-6D42D05573A9}.Release|x86.ActiveCfg = Release|Any CPU
		{8BD4961F-4590-4674-B45B-6D42D05573A9}.Release|x86.Build.0 = Release|Any CPU
		{2563B02B-0216-4844-975F-F999CE231DDE}.Debug|Any CPU.ActiveCfg = Debug|Any CPU
		{2563B02B-0216-4844-975F-F999CE231DDE}.Debug|Any CPU.Build.0 = Debug|Any CPU
		{2563B02B-0216-4844-975F-F999CE231DDE}.Debug|ARM.ActiveCfg = Debug|Any CPU
		{2563B02B-0216-4844-975F-F999CE231DDE}.Debug|ARM.Build.0 = Debug|Any CPU
		{2563B02B-0216-4844-975F-F999CE231DDE}.Debug|x64.ActiveCfg = Debug|Any CPU
		{2563B02B-0216-4844-975F-F999CE231DDE}.Debug|x64.Build.0 = Debug|Any CPU
		{2563B02B-0216-4844-975F-F999CE231DDE}.Debug|x86.ActiveCfg = Debug|Any CPU
		{2563B02B-0216-4844-975F-F999CE231DDE}.Debug|x86.Build.0 = Debug|Any CPU
		{2563B02B-0216-4844-975F-F999CE231DDE}.Release|Any CPU.ActiveCfg = Release|Any CPU
		{2563B02B-0216-4844-975F-F999CE231DDE}.Release|Any CPU.Build.0 = Release|Any CPU
		{2563B02B-0216-4844-975F-F999CE231DDE}.Release|ARM.ActiveCfg = Release|Any CPU
		{2563B02B-0216-4844-975F-F999CE231DDE}.Release|ARM.Build.0 = Release|Any CPU
		{2563B02B-0216-4844-975F-F999CE231DDE}.Release|x64.ActiveCfg = Release|Any CPU
		{2563B02B-0216-4844-975F-F999CE231DDE}.Release|x64.Build.0 = Release|Any CPU
		{2563B02B-0216-4844-975F-F999CE231DDE}.Release|x86.ActiveCfg = Release|Any CPU
		{2563B02B-0216-4844-975F-F999CE231DDE}.Release|x86.Build.0 = Release|Any CPU
	EndGlobalSection
	GlobalSection(SolutionProperties) = preSolution
		HideSolutionNode = FALSE
	EndGlobalSection
	GlobalSection(NestedProjects) = preSolution
		{2A590126-C546-4DE1-8E2D-E354A44918DB} = {9C532F6D-7563-4D26-B89B-E4069760C051}
		{95FBB119-653F-4B5F-8DAC-6BE3D98ED6EB} = {9C532F6D-7563-4D26-B89B-E4069760C051}
		{4B2494DE-6A21-4459-8FBE-4A6D34835F25} = {8F923E05-8502-4D3A-BC0C-6081618C8A83}
		{5481F908-6639-45DE-9FF7-CB994365C1A5} = {9C532F6D-7563-4D26-B89B-E4069760C051}
		{01A81D14-6CB0-4299-9A22-A3A91ABEB784} = {9C532F6D-7563-4D26-B89B-E4069760C051}
		{976CA93D-6DD7-4F5A-83E9-B1DE2F8AD667} = {9C532F6D-7563-4D26-B89B-E4069760C051}
		{5CD3AE46-A389-4A84-B494-04A587B4B853} = {9C532F6D-7563-4D26-B89B-E4069760C051}
		{8B414192-83B0-4C21-A960-34E5255C1A3C} = {9C532F6D-7563-4D26-B89B-E4069760C051}
		{5130CE86-2946-473E-89A8-FC9D60723F36} = {9C532F6D-7563-4D26-B89B-E4069760C051}
		{960A2942-0D71-401A-A0BC-EE49F9B1B3E7} = {8F923E05-8502-4D3A-BC0C-6081618C8A83}
		{5CF3B7C1-27DE-4150-BC99-11DB9D519EB5} = {8F923E05-8502-4D3A-BC0C-6081618C8A83}
		{4356BD26-426C-43DE-98EC-CFCDB8EF07B7} = {8F923E05-8502-4D3A-BC0C-6081618C8A83}
		{794FA0AD-3E06-4973-A440-8E73218C2203} = {8F923E05-8502-4D3A-BC0C-6081618C8A83}
		{8BD4961F-4590-4674-B45B-6D42D05573A9} = {8F923E05-8502-4D3A-BC0C-6081618C8A83}
		{2563B02B-0216-4844-975F-F999CE231DDE} = {8F923E05-8502-4D3A-BC0C-6081618C8A83}
	EndGlobalSection
	GlobalSection(ExtensibilityGlobals) = postSolution
		SolutionGuid = {AE576F3D-E413-4279-9A1F-4EE3B420AEC5}
	EndGlobalSection
EndGlobal
