
Microsoft Visual Studio Solution File, Format Version 12.00
# Visual Studio 14
VisualStudioVersion = 14.0.25420.1
MinimumVisualStudioVersion = 10.0.40219.1
Project("{2150E333-8FDC-42A3-9474-1A3956D46DE8}") = ".nuget", ".nuget", "{4A7BB395-0928-417D-A011-F96E36BF5E89}"
	ProjectSection(SolutionItems) = preProject
		nuget.config = nuget.config
	EndProjectSection
EndProject
Project("{2150E333-8FDC-42A3-9474-1A3956D46DE8}") = "OW.Experts", "OW.Experts", "{9E706A2A-8DE6-4835-BEC9-CAFE7E08D4FE}"
EndProject
Project("{2150E333-8FDC-42A3-9474-1A3956D46DE8}") = "Common", "Common", "{A6A67FB6-F02E-4B44-A270-2F7466EFABA3}"
EndProject
Project("{2150E333-8FDC-42A3-9474-1A3956D46DE8}") = "Infrastructure", "Infrastructure", "{2A12827F-9565-42B5-8E57-E78C422AE2B2}"
EndProject
Project("{FAE04EC0-301F-11D3-BF4B-00C04F79EFBC}") = "Data.Seed", "OW.Experts\Data.Seed\Data.Seed.csproj", "{9C21B407-C1E0-4CDE-838A-B5F5D6EACC44}"
EndProject
Project("{FAE04EC0-301F-11D3-BF4B-00C04F79EFBC}") = "Domain", "OW.Experts\Domain\Domain.csproj", "{6C94CA79-74AD-4C14-9CA8-E26936DA506B}"
EndProject
Project("{FAE04EC0-301F-11D3-BF4B-00C04F79EFBC}") = "Domain.Linq", "OW.Experts\Domain.Linq\Domain.Linq.csproj", "{B9369CAE-49D6-40E8-B3DE-1687EE2F1B68}"
EndProject
Project("{FAE04EC0-301F-11D3-BF4B-00C04F79EFBC}") = "Domain.NHibernate", "OW.Experts\Domain.NHibernate\Domain.NHibernate.csproj", "{203A349C-D9D2-4F70-853D-7B1A3ECC0ED0}"
EndProject
Project("{FAE04EC0-301F-11D3-BF4B-00C04F79EFBC}") = "Domain.Services", "OW.Experts\Domain.Services\Domain.Services.csproj", "{4270294E-D81A-4095-A6B5-995258C690F0}"
EndProject
Project("{FAE04EC0-301F-11D3-BF4B-00C04F79EFBC}") = "WebUI", "OW.Experts\WebUI\WebUI.csproj", "{8E67A0F4-0AA7-42D1-9CBD-201D592C2A5B}"
EndProject
Project("{2150E333-8FDC-42A3-9474-1A3956D46DE8}") = "Tests", "Tests", "{D203C030-3764-496F-8667-9C39F5AAB2B4}"
EndProject
Project("{FAE04EC0-301F-11D3-BF4B-00C04F79EFBC}") = "Domain.Services.Tests", "OW.Experts\Tests\Domain.Services.Tests\Domain.Services.Tests.csproj", "{D3E0ECF4-D611-4B71-8DC2-1F2AC17EC9B2}"
EndProject
Project("{FAE04EC0-301F-11D3-BF4B-00C04F79EFBC}") = "Domain.Tests", "OW.Experts\Tests\Domain.Tests\Domain.Tests.csproj", "{D319A6B7-FB5D-4E18-B7FF-2FEC42D55830}"
EndProject
Project("{FAE04EC0-301F-11D3-BF4B-00C04F79EFBC}") = "IntergrationTests", "OW.Experts\Tests\IntergrationTests\IntergrationTests.csproj", "{95342541-A733-49D4-91E8-EFE796817E8D}"
EndProject
Project("{FAE04EC0-301F-11D3-BF4B-00C04F79EFBC}") = "WebUI.Tests", "OW.Experts\Tests\WebUI.Tests\WebUI.Tests.csproj", "{844CF2D6-0AA1-4901-8440-0AF1F1EBE395}"
EndProject
Project("{2150E333-8FDC-42A3-9474-1A3956D46DE8}") = "Tests", "Tests", "{5C861B6B-B8E6-4C43-83BA-F07159D628FB}"
EndProject
Project("{FAE04EC0-301F-11D3-BF4B-00C04F79EFBC}") = "Domain.Infrastructure", "Common\Domain.Infrastructure\Domain.Infrastructure.csproj", "{ADEC2F24-ADEB-4D55-B847-1D8B010817FB}"
EndProject
Project("{FAE04EC0-301F-11D3-BF4B-00C04F79EFBC}") = "Test.Infrastructure", "Common\Test.Infrastructure\Test.Infrastructure.csproj", "{D6D17D31-CDFD-4AFF-A282-AA6384D12171}"
EndProject
Project("{FAE04EC0-301F-11D3-BF4B-00C04F79EFBC}") = "Domain.Infrastructure.Tests", "Common\Tests\Domain.Infrastructure.Tests\Domain.Infrastructure.Tests.csproj", "{714E464D-67DF-4DA3-8242-F7D7CDA1A70B}"
EndProject
Project("{FAE04EC0-301F-11D3-BF4B-00C04F79EFBC}") = "Test.Infrastructure.Tests", "Common\Tests\Test.Infrastructure.Tests\Test.Infrastructure.Tests.csproj", "{2E860172-E8C9-4A4F-8128-50AD55158552}"
EndProject
Project("{FAE04EC0-301F-11D3-BF4B-00C04F79EFBC}") = "WebUI.CompositionRoot", "WebUI.CompositionRoot\WebUI.CompositionRoot.csproj", "{95FBB119-653F-4B5F-8DAC-6BE3D98ED6EB}"
EndProject
Global
	GlobalSection(SolutionConfigurationPlatforms) = preSolution
		Debug|Any CPU = Debug|Any CPU
		Debug|ARM = Debug|ARM
		Debug|x64 = Debug|x64
		Debug|x86 = Debug|x86
		Release|Any CPU = Release|Any CPU
		Release|ARM = Release|ARM
		Release|x64 = Release|x64
		Release|x86 = Release|x86
	EndGlobalSection
	GlobalSection(ProjectConfigurationPlatforms) = postSolution
		{9C21B407-C1E0-4CDE-838A-B5F5D6EACC44}.Debug|Any CPU.ActiveCfg = Debug|Any CPU
		{9C21B407-C1E0-4CDE-838A-B5F5D6EACC44}.Debug|Any CPU.Build.0 = Debug|Any CPU
		{9C21B407-C1E0-4CDE-838A-B5F5D6EACC44}.Debug|ARM.ActiveCfg = Debug|Any CPU
		{9C21B407-C1E0-4CDE-838A-B5F5D6EACC44}.Debug|ARM.Build.0 = Debug|Any CPU
		{9C21B407-C1E0-4CDE-838A-B5F5D6EACC44}.Debug|x64.ActiveCfg = Debug|Any CPU
		{9C21B407-C1E0-4CDE-838A-B5F5D6EACC44}.Debug|x64.Build.0 = Debug|Any CPU
		{9C21B407-C1E0-4CDE-838A-B5F5D6EACC44}.Debug|x86.ActiveCfg = Debug|Any CPU
		{9C21B407-C1E0-4CDE-838A-B5F5D6EACC44}.Debug|x86.Build.0 = Debug|Any CPU
		{9C21B407-C1E0-4CDE-838A-B5F5D6EACC44}.Release|Any CPU.ActiveCfg = Release|Any CPU
		{9C21B407-C1E0-4CDE-838A-B5F5D6EACC44}.Release|Any CPU.Build.0 = Release|Any CPU
		{9C21B407-C1E0-4CDE-838A-B5F5D6EACC44}.Release|ARM.ActiveCfg = Release|Any CPU
		{9C21B407-C1E0-4CDE-838A-B5F5D6EACC44}.Release|ARM.Build.0 = Release|Any CPU
		{9C21B407-C1E0-4CDE-838A-B5F5D6EACC44}.Release|x64.ActiveCfg = Release|Any CPU
		{9C21B407-C1E0-4CDE-838A-B5F5D6EACC44}.Release|x64.Build.0 = Release|Any CPU
		{9C21B407-C1E0-4CDE-838A-B5F5D6EACC44}.Release|x86.ActiveCfg = Release|Any CPU
		{9C21B407-C1E0-4CDE-838A-B5F5D6EACC44}.Release|x86.Build.0 = Release|Any CPU
		{6C94CA79-74AD-4C14-9CA8-E26936DA506B}.Debug|Any CPU.ActiveCfg = Debug|Any CPU
		{6C94CA79-74AD-4C14-9CA8-E26936DA506B}.Debug|Any CPU.Build.0 = Debug|Any CPU
		{6C94CA79-74AD-4C14-9CA8-E26936DA506B}.Debug|ARM.ActiveCfg = Debug|Any CPU
		{6C94CA79-74AD-4C14-9CA8-E26936DA506B}.Debug|ARM.Build.0 = Debug|Any CPU
		{6C94CA79-74AD-4C14-9CA8-E26936DA506B}.Debug|x64.ActiveCfg = Debug|Any CPU
		{6C94CA79-74AD-4C14-9CA8-E26936DA506B}.Debug|x64.Build.0 = Debug|Any CPU
		{6C94CA79-74AD-4C14-9CA8-E26936DA506B}.Debug|x86.ActiveCfg = Debug|Any CPU
		{6C94CA79-74AD-4C14-9CA8-E26936DA506B}.Debug|x86.Build.0 = Debug|Any CPU
		{6C94CA79-74AD-4C14-9CA8-E26936DA506B}.Release|Any CPU.ActiveCfg = Release|Any CPU
		{6C94CA79-74AD-4C14-9CA8-E26936DA506B}.Release|Any CPU.Build.0 = Release|Any CPU
		{6C94CA79-74AD-4C14-9CA8-E26936DA506B}.Release|ARM.ActiveCfg = Release|Any CPU
		{6C94CA79-74AD-4C14-9CA8-E26936DA506B}.Release|ARM.Build.0 = Release|Any CPU
		{6C94CA79-74AD-4C14-9CA8-E26936DA506B}.Release|x64.ActiveCfg = Release|Any CPU
		{6C94CA79-74AD-4C14-9CA8-E26936DA506B}.Release|x64.Build.0 = Release|Any CPU
		{6C94CA79-74AD-4C14-9CA8-E26936DA506B}.Release|x86.ActiveCfg = Release|Any CPU
		{6C94CA79-74AD-4C14-9CA8-E26936DA506B}.Release|x86.Build.0 = Release|Any CPU
		{B9369CAE-49D6-40E8-B3DE-1687EE2F1B68}.Debug|Any CPU.ActiveCfg = Debug|Any CPU
		{B9369CAE-49D6-40E8-B3DE-1687EE2F1B68}.Debug|Any CPU.Build.0 = Debug|Any CPU
		{B9369CAE-49D6-40E8-B3DE-1687EE2F1B68}.Debug|ARM.ActiveCfg = Debug|Any CPU
		{B9369CAE-49D6-40E8-B3DE-1687EE2F1B68}.Debug|ARM.Build.0 = Debug|Any CPU
		{B9369CAE-49D6-40E8-B3DE-1687EE2F1B68}.Debug|x64.ActiveCfg = Debug|Any CPU
		{B9369CAE-49D6-40E8-B3DE-1687EE2F1B68}.Debug|x64.Build.0 = Debug|Any CPU
		{B9369CAE-49D6-40E8-B3DE-1687EE2F1B68}.Debug|x86.ActiveCfg = Debug|Any CPU
		{B9369CAE-49D6-40E8-B3DE-1687EE2F1B68}.Debug|x86.Build.0 = Debug|Any CPU
		{B9369CAE-49D6-40E8-B3DE-1687EE2F1B68}.Release|Any CPU.ActiveCfg = Release|Any CPU
		{B9369CAE-49D6-40E8-B3DE-1687EE2F1B68}.Release|Any CPU.Build.0 = Release|Any CPU
		{B9369CAE-49D6-40E8-B3DE-1687EE2F1B68}.Release|ARM.ActiveCfg = Release|Any CPU
		{B9369CAE-49D6-40E8-B3DE-1687EE2F1B68}.Release|ARM.Build.0 = Release|Any CPU
		{B9369CAE-49D6-40E8-B3DE-1687EE2F1B68}.Release|x64.ActiveCfg = Release|Any CPU
		{B9369CAE-49D6-40E8-B3DE-1687EE2F1B68}.Release|x64.Build.0 = Release|Any CPU
		{B9369CAE-49D6-40E8-B3DE-1687EE2F1B68}.Release|x86.ActiveCfg = Release|Any CPU
		{B9369CAE-49D6-40E8-B3DE-1687EE2F1B68}.Release|x86.Build.0 = Release|Any CPU
		{203A349C-D9D2-4F70-853D-7B1A3ECC0ED0}.Debug|Any CPU.ActiveCfg = Debug|Any CPU
		{203A349C-D9D2-4F70-853D-7B1A3ECC0ED0}.Debug|Any CPU.Build.0 = Debug|Any CPU
		{203A349C-D9D2-4F70-853D-7B1A3ECC0ED0}.Debug|ARM.ActiveCfg = Debug|Any CPU
		{203A349C-D9D2-4F70-853D-7B1A3ECC0ED0}.Debug|ARM.Build.0 = Debug|Any CPU
		{203A349C-D9D2-4F70-853D-7B1A3ECC0ED0}.Debug|x64.ActiveCfg = Debug|Any CPU
		{203A349C-D9D2-4F70-853D-7B1A3ECC0ED0}.Debug|x64.Build.0 = Debug|Any CPU
		{203A349C-D9D2-4F70-853D-7B1A3ECC0ED0}.Debug|x86.ActiveCfg = Debug|Any CPU
		{203A349C-D9D2-4F70-853D-7B1A3ECC0ED0}.Debug|x86.Build.0 = Debug|Any CPU
		{203A349C-D9D2-4F70-853D-7B1A3ECC0ED0}.Release|Any CPU.ActiveCfg = Release|Any CPU
		{203A349C-D9D2-4F70-853D-7B1A3ECC0ED0}.Release|Any CPU.Build.0 = Release|Any CPU
		{203A349C-D9D2-4F70-853D-7B1A3ECC0ED0}.Release|ARM.ActiveCfg = Release|Any CPU
		{203A349C-D9D2-4F70-853D-7B1A3ECC0ED0}.Release|ARM.Build.0 = Release|Any CPU
		{203A349C-D9D2-4F70-853D-7B1A3ECC0ED0}.Release|x64.ActiveCfg = Release|Any CPU
		{203A349C-D9D2-4F70-853D-7B1A3ECC0ED0}.Release|x64.Build.0 = Release|Any CPU
		{203A349C-D9D2-4F70-853D-7B1A3ECC0ED0}.Release|x86.ActiveCfg = Release|Any CPU
		{203A349C-D9D2-4F70-853D-7B1A3ECC0ED0}.Release|x86.Build.0 = Release|Any CPU
		{4270294E-D81A-4095-A6B5-995258C690F0}.Debug|Any CPU.ActiveCfg = Debug|Any CPU
		{4270294E-D81A-4095-A6B5-995258C690F0}.Debug|Any CPU.Build.0 = Debug|Any CPU
		{4270294E-D81A-4095-A6B5-995258C690F0}.Debug|ARM.ActiveCfg = Debug|Any CPU
		{4270294E-D81A-4095-A6B5-995258C690F0}.Debug|ARM.Build.0 = Debug|Any CPU
		{4270294E-D81A-4095-A6B5-995258C690F0}.Debug|x64.ActiveCfg = Debug|Any CPU
		{4270294E-D81A-4095-A6B5-995258C690F0}.Debug|x64.Build.0 = Debug|Any CPU
		{4270294E-D81A-4095-A6B5-995258C690F0}.Debug|x86.ActiveCfg = Debug|Any CPU
		{4270294E-D81A-4095-A6B5-995258C690F0}.Debug|x86.Build.0 = Debug|Any CPU
		{4270294E-D81A-4095-A6B5-995258C690F0}.Release|Any CPU.ActiveCfg = Release|Any CPU
		{4270294E-D81A-4095-A6B5-995258C690F0}.Release|Any CPU.Build.0 = Release|Any CPU
		{4270294E-D81A-4095-A6B5-995258C690F0}.Release|ARM.ActiveCfg = Release|Any CPU
		{4270294E-D81A-4095-A6B5-995258C690F0}.Release|ARM.Build.0 = Release|Any CPU
		{4270294E-D81A-4095-A6B5-995258C690F0}.Release|x64.ActiveCfg = Release|Any CPU
		{4270294E-D81A-4095-A6B5-995258C690F0}.Release|x64.Build.0 = Release|Any CPU
		{4270294E-D81A-4095-A6B5-995258C690F0}.Release|x86.ActiveCfg = Release|Any CPU
		{4270294E-D81A-4095-A6B5-995258C690F0}.Release|x86.Build.0 = Release|Any CPU
		{8E67A0F4-0AA7-42D1-9CBD-201D592C2A5B}.Debug|Any CPU.ActiveCfg = Debug|Any CPU
		{8E67A0F4-0AA7-42D1-9CBD-201D592C2A5B}.Debug|Any CPU.Build.0 = Debug|Any CPU
		{8E67A0F4-0AA7-42D1-9CBD-201D592C2A5B}.Debug|ARM.ActiveCfg = Debug|Any CPU
		{8E67A0F4-0AA7-42D1-9CBD-201D592C2A5B}.Debug|ARM.Build.0 = Debug|Any CPU
		{8E67A0F4-0AA7-42D1-9CBD-201D592C2A5B}.Debug|x64.ActiveCfg = Debug|Any CPU
		{8E67A0F4-0AA7-42D1-9CBD-201D592C2A5B}.Debug|x64.Build.0 = Debug|Any CPU
		{8E67A0F4-0AA7-42D1-9CBD-201D592C2A5B}.Debug|x86.ActiveCfg = Debug|Any CPU
		{8E67A0F4-0AA7-42D1-9CBD-201D592C2A5B}.Debug|x86.Build.0 = Debug|Any CPU
		{8E67A0F4-0AA7-42D1-9CBD-201D592C2A5B}.Release|Any CPU.ActiveCfg = Release|Any CPU
		{8E67A0F4-0AA7-42D1-9CBD-201D592C2A5B}.Release|Any CPU.Build.0 = Release|Any CPU
		{8E67A0F4-0AA7-42D1-9CBD-201D592C2A5B}.Release|ARM.ActiveCfg = Release|Any CPU
		{8E67A0F4-0AA7-42D1-9CBD-201D592C2A5B}.Release|ARM.Build.0 = Release|Any CPU
		{8E67A0F4-0AA7-42D1-9CBD-201D592C2A5B}.Release|x64.ActiveCfg = Release|Any CPU
		{8E67A0F4-0AA7-42D1-9CBD-201D592C2A5B}.Release|x64.Build.0 = Release|Any CPU
		{8E67A0F4-0AA7-42D1-9CBD-201D592C2A5B}.Release|x86.ActiveCfg = Release|Any CPU
		{8E67A0F4-0AA7-42D1-9CBD-201D592C2A5B}.Release|x86.Build.0 = Release|Any CPU
		{D3E0ECF4-D611-4B71-8DC2-1F2AC17EC9B2}.Debug|Any CPU.ActiveCfg = Debug|Any CPU
		{D3E0ECF4-D611-4B71-8DC2-1F2AC17EC9B2}.Debug|Any CPU.Build.0 = Debug|Any CPU
		{D3E0ECF4-D611-4B71-8DC2-1F2AC17EC9B2}.Debug|ARM.ActiveCfg = Debug|Any CPU
		{D3E0ECF4-D611-4B71-8DC2-1F2AC17EC9B2}.Debug|ARM.Build.0 = Debug|Any CPU
		{D3E0ECF4-D611-4B71-8DC2-1F2AC17EC9B2}.Debug|x64.ActiveCfg = Debug|Any CPU
		{D3E0ECF4-D611-4B71-8DC2-1F2AC17EC9B2}.Debug|x64.Build.0 = Debug|Any CPU
		{D3E0ECF4-D611-4B71-8DC2-1F2AC17EC9B2}.Debug|x86.ActiveCfg = Debug|Any CPU
		{D3E0ECF4-D611-4B71-8DC2-1F2AC17EC9B2}.Debug|x86.Build.0 = Debug|Any CPU
		{D3E0ECF4-D611-4B71-8DC2-1F2AC17EC9B2}.Release|Any CPU.ActiveCfg = Release|Any CPU
		{D3E0ECF4-D611-4B71-8DC2-1F2AC17EC9B2}.Release|Any CPU.Build.0 = Release|Any CPU
		{D3E0ECF4-D611-4B71-8DC2-1F2AC17EC9B2}.Release|ARM.ActiveCfg = Release|Any CPU
		{D3E0ECF4-D611-4B71-8DC2-1F2AC17EC9B2}.Release|ARM.Build.0 = Release|Any CPU
		{D3E0ECF4-D611-4B71-8DC2-1F2AC17EC9B2}.Release|x64.ActiveCfg = Release|Any CPU
		{D3E0ECF4-D611-4B71-8DC2-1F2AC17EC9B2}.Release|x64.Build.0 = Release|Any CPU
		{D3E0ECF4-D611-4B71-8DC2-1F2AC17EC9B2}.Release|x86.ActiveCfg = Release|Any CPU
		{D3E0ECF4-D611-4B71-8DC2-1F2AC17EC9B2}.Release|x86.Build.0 = Release|Any CPU
		{D319A6B7-FB5D-4E18-B7FF-2FEC42D55830}.Debug|Any CPU.ActiveCfg = Debug|Any CPU
		{D319A6B7-FB5D-4E18-B7FF-2FEC42D55830}.Debug|Any CPU.Build.0 = Debug|Any CPU
		{D319A6B7-FB5D-4E18-B7FF-2FEC42D55830}.Debug|ARM.ActiveCfg = Debug|Any CPU
		{D319A6B7-FB5D-4E18-B7FF-2FEC42D55830}.Debug|ARM.Build.0 = Debug|Any CPU
		{D319A6B7-FB5D-4E18-B7FF-2FEC42D55830}.Debug|x64.ActiveCfg = Debug|Any CPU
		{D319A6B7-FB5D-4E18-B7FF-2FEC42D55830}.Debug|x64.Build.0 = Debug|Any CPU
		{D319A6B7-FB5D-4E18-B7FF-2FEC42D55830}.Debug|x86.ActiveCfg = Debug|Any CPU
		{D319A6B7-FB5D-4E18-B7FF-2FEC42D55830}.Debug|x86.Build.0 = Debug|Any CPU
		{D319A6B7-FB5D-4E18-B7FF-2FEC42D55830}.Release|Any CPU.ActiveCfg = Release|Any CPU
		{D319A6B7-FB5D-4E18-B7FF-2FEC42D55830}.Release|Any CPU.Build.0 = Release|Any CPU
		{D319A6B7-FB5D-4E18-B7FF-2FEC42D55830}.Release|ARM.ActiveCfg = Release|Any CPU
		{D319A6B7-FB5D-4E18-B7FF-2FEC42D55830}.Release|ARM.Build.0 = Release|Any CPU
		{D319A6B7-FB5D-4E18-B7FF-2FEC42D55830}.Release|x64.ActiveCfg = Release|Any CPU
		{D319A6B7-FB5D-4E18-B7FF-2FEC42D55830}.Release|x64.Build.0 = Release|Any CPU
		{D319A6B7-FB5D-4E18-B7FF-2FEC42D55830}.Release|x86.ActiveCfg = Release|Any CPU
		{D319A6B7-FB5D-4E18-B7FF-2FEC42D55830}.Release|x86.Build.0 = Release|Any CPU
		{95342541-A733-49D4-91E8-EFE796817E8D}.Debug|Any CPU.ActiveCfg = Debug|Any CPU
		{95342541-A733-49D4-91E8-EFE796817E8D}.Debug|Any CPU.Build.0 = Debug|Any CPU
		{95342541-A733-49D4-91E8-EFE796817E8D}.Debug|ARM.ActiveCfg = Debug|Any CPU
		{95342541-A733-49D4-91E8-EFE796817E8D}.Debug|ARM.Build.0 = Debug|Any CPU
		{95342541-A733-49D4-91E8-EFE796817E8D}.Debug|x64.ActiveCfg = Debug|Any CPU
		{95342541-A733-49D4-91E8-EFE796817E8D}.Debug|x64.Build.0 = Debug|Any CPU
		{95342541-A733-49D4-91E8-EFE796817E8D}.Debug|x86.ActiveCfg = Debug|Any CPU
		{95342541-A733-49D4-91E8-EFE796817E8D}.Debug|x86.Build.0 = Debug|Any CPU
		{95342541-A733-49D4-91E8-EFE796817E8D}.Release|Any CPU.ActiveCfg = Release|Any CPU
		{95342541-A733-49D4-91E8-EFE796817E8D}.Release|Any CPU.Build.0 = Release|Any CPU
		{95342541-A733-49D4-91E8-EFE796817E8D}.Release|ARM.ActiveCfg = Release|Any CPU
		{95342541-A733-49D4-91E8-EFE796817E8D}.Release|ARM.Build.0 = Release|Any CPU
		{95342541-A733-49D4-91E8-EFE796817E8D}.Release|x64.ActiveCfg = Release|Any CPU
		{95342541-A733-49D4-91E8-EFE796817E8D}.Release|x64.Build.0 = Release|Any CPU
		{95342541-A733-49D4-91E8-EFE796817E8D}.Release|x86.ActiveCfg = Release|Any CPU
		{95342541-A733-49D4-91E8-EFE796817E8D}.Release|x86.Build.0 = Release|Any CPU
		{844CF2D6-0AA1-4901-8440-0AF1F1EBE395}.Debug|Any CPU.ActiveCfg = Debug|Any CPU
		{844CF2D6-0AA1-4901-8440-0AF1F1EBE395}.Debug|Any CPU.Build.0 = Debug|Any CPU
		{844CF2D6-0AA1-4901-8440-0AF1F1EBE395}.Debug|ARM.ActiveCfg = Debug|Any CPU
		{844CF2D6-0AA1-4901-8440-0AF1F1EBE395}.Debug|ARM.Build.0 = Debug|Any CPU
		{844CF2D6-0AA1-4901-8440-0AF1F1EBE395}.Debug|x64.ActiveCfg = Debug|Any CPU
		{844CF2D6-0AA1-4901-8440-0AF1F1EBE395}.Debug|x64.Build.0 = Debug|Any CPU
		{844CF2D6-0AA1-4901-8440-0AF1F1EBE395}.Debug|x86.ActiveCfg = Debug|Any CPU
		{844CF2D6-0AA1-4901-8440-0AF1F1EBE395}.Debug|x86.Build.0 = Debug|Any CPU
		{844CF2D6-0AA1-4901-8440-0AF1F1EBE395}.Release|Any CPU.ActiveCfg = Release|Any CPU
		{844CF2D6-0AA1-4901-8440-0AF1F1EBE395}.Release|Any CPU.Build.0 = Release|Any CPU
		{844CF2D6-0AA1-4901-8440-0AF1F1EBE395}.Release|ARM.ActiveCfg = Release|Any CPU
		{844CF2D6-0AA1-4901-8440-0AF1F1EBE395}.Release|ARM.Build.0 = Release|Any CPU
		{844CF2D6-0AA1-4901-8440-0AF1F1EBE395}.Release|x64.ActiveCfg = Release|Any CPU
		{844CF2D6-0AA1-4901-8440-0AF1F1EBE395}.Release|x64.Build.0 = Release|Any CPU
		{844CF2D6-0AA1-4901-8440-0AF1F1EBE395}.Release|x86.ActiveCfg = Release|Any CPU
		{844CF2D6-0AA1-4901-8440-0AF1F1EBE395}.Release|x86.Build.0 = Release|Any CPU
		{ADEC2F24-ADEB-4D55-B847-1D8B010817FB}.Debug|Any CPU.ActiveCfg = Debug|Any CPU
		{ADEC2F24-ADEB-4D55-B847-1D8B010817FB}.Debug|Any CPU.Build.0 = Debug|Any CPU
		{ADEC2F24-ADEB-4D55-B847-1D8B010817FB}.Debug|ARM.ActiveCfg = Debug|Any CPU
		{ADEC2F24-ADEB-4D55-B847-1D8B010817FB}.Debug|ARM.Build.0 = Debug|Any CPU
		{ADEC2F24-ADEB-4D55-B847-1D8B010817FB}.Debug|x64.ActiveCfg = Debug|Any CPU
		{ADEC2F24-ADEB-4D55-B847-1D8B010817FB}.Debug|x64.Build.0 = Debug|Any CPU
		{ADEC2F24-ADEB-4D55-B847-1D8B010817FB}.Debug|x86.ActiveCfg = Debug|Any CPU
		{ADEC2F24-ADEB-4D55-B847-1D8B010817FB}.Debug|x86.Build.0 = Debug|Any CPU
		{ADEC2F24-ADEB-4D55-B847-1D8B010817FB}.Release|Any CPU.ActiveCfg = Release|Any CPU
		{ADEC2F24-ADEB-4D55-B847-1D8B010817FB}.Release|Any CPU.Build.0 = Release|Any CPU
		{ADEC2F24-ADEB-4D55-B847-1D8B010817FB}.Release|ARM.ActiveCfg = Release|Any CPU
		{ADEC2F24-ADEB-4D55-B847-1D8B010817FB}.Release|ARM.Build.0 = Release|Any CPU
		{ADEC2F24-ADEB-4D55-B847-1D8B010817FB}.Release|x64.ActiveCfg = Release|Any CPU
		{ADEC2F24-ADEB-4D55-B847-1D8B010817FB}.Release|x64.Build.0 = Release|Any CPU
		{ADEC2F24-ADEB-4D55-B847-1D8B010817FB}.Release|x86.ActiveCfg = Release|Any CPU
		{ADEC2F24-ADEB-4D55-B847-1D8B010817FB}.Release|x86.Build.0 = Release|Any CPU
		{D6D17D31-CDFD-4AFF-A282-AA6384D12171}.Debug|Any CPU.ActiveCfg = Debug|Any CPU
		{D6D17D31-CDFD-4AFF-A282-AA6384D12171}.Debug|Any CPU.Build.0 = Debug|Any CPU
		{D6D17D31-CDFD-4AFF-A282-AA6384D12171}.Debug|ARM.ActiveCfg = Debug|Any CPU
		{D6D17D31-CDFD-4AFF-A282-AA6384D12171}.Debug|ARM.Build.0 = Debug|Any CPU
		{D6D17D31-CDFD-4AFF-A282-AA6384D12171}.Debug|x64.ActiveCfg = Debug|Any CPU
		{D6D17D31-CDFD-4AFF-A282-AA6384D12171}.Debug|x64.Build.0 = Debug|Any CPU
		{D6D17D31-CDFD-4AFF-A282-AA6384D12171}.Debug|x86.ActiveCfg = Debug|Any CPU
		{D6D17D31-CDFD-4AFF-A282-AA6384D12171}.Debug|x86.Build.0 = Debug|Any CPU
		{D6D17D31-CDFD-4AFF-A282-AA6384D12171}.Release|Any CPU.ActiveCfg = Release|Any CPU
		{D6D17D31-CDFD-4AFF-A282-AA6384D12171}.Release|Any CPU.Build.0 = Release|Any CPU
		{D6D17D31-CDFD-4AFF-A282-AA6384D12171}.Release|ARM.ActiveCfg = Release|Any CPU
		{D6D17D31-CDFD-4AFF-A282-AA6384D12171}.Release|ARM.Build.0 = Release|Any CPU
		{D6D17D31-CDFD-4AFF-A282-AA6384D12171}.Release|x64.ActiveCfg = Release|Any CPU
		{D6D17D31-CDFD-4AFF-A282-AA6384D12171}.Release|x64.Build.0 = Release|Any CPU
		{D6D17D31-CDFD-4AFF-A282-AA6384D12171}.Release|x86.ActiveCfg = Release|Any CPU
		{D6D17D31-CDFD-4AFF-A282-AA6384D12171}.Release|x86.Build.0 = Release|Any CPU
		{714E464D-67DF-4DA3-8242-F7D7CDA1A70B}.Debug|Any CPU.ActiveCfg = Debug|Any CPU
		{714E464D-67DF-4DA3-8242-F7D7CDA1A70B}.Debug|Any CPU.Build.0 = Debug|Any CPU
		{714E464D-67DF-4DA3-8242-F7D7CDA1A70B}.Debug|ARM.ActiveCfg = Debug|Any CPU
		{714E464D-67DF-4DA3-8242-F7D7CDA1A70B}.Debug|ARM.Build.0 = Debug|Any CPU
		{714E464D-67DF-4DA3-8242-F7D7CDA1A70B}.Debug|x64.ActiveCfg = Debug|Any CPU
		{714E464D-67DF-4DA3-8242-F7D7CDA1A70B}.Debug|x64.Build.0 = Debug|Any CPU
		{714E464D-67DF-4DA3-8242-F7D7CDA1A70B}.Debug|x86.ActiveCfg = Debug|Any CPU
		{714E464D-67DF-4DA3-8242-F7D7CDA1A70B}.Debug|x86.Build.0 = Debug|Any CPU
		{714E464D-67DF-4DA3-8242-F7D7CDA1A70B}.Release|Any CPU.ActiveCfg = Release|Any CPU
		{714E464D-67DF-4DA3-8242-F7D7CDA1A70B}.Release|Any CPU.Build.0 = Release|Any CPU
		{714E464D-67DF-4DA3-8242-F7D7CDA1A70B}.Release|ARM.ActiveCfg = Release|Any CPU
		{714E464D-67DF-4DA3-8242-F7D7CDA1A70B}.Release|ARM.Build.0 = Release|Any CPU
		{714E464D-67DF-4DA3-8242-F7D7CDA1A70B}.Release|x64.ActiveCfg = Release|Any CPU
		{714E464D-67DF-4DA3-8242-F7D7CDA1A70B}.Release|x64.Build.0 = Release|Any CPU
		{714E464D-67DF-4DA3-8242-F7D7CDA1A70B}.Release|x86.ActiveCfg = Release|Any CPU
		{714E464D-67DF-4DA3-8242-F7D7CDA1A70B}.Release|x86.Build.0 = Release|Any CPU
		{2E860172-E8C9-4A4F-8128-50AD55158552}.Debug|Any CPU.ActiveCfg = Debug|Any CPU
		{2E860172-E8C9-4A4F-8128-50AD55158552}.Debug|Any CPU.Build.0 = Debug|Any CPU
		{2E860172-E8C9-4A4F-8128-50AD55158552}.Debug|ARM.ActiveCfg = Debug|Any CPU
		{2E860172-E8C9-4A4F-8128-50AD55158552}.Debug|ARM.Build.0 = Debug|Any CPU
		{2E860172-E8C9-4A4F-8128-50AD55158552}.Debug|x64.ActiveCfg = Debug|Any CPU
		{2E860172-E8C9-4A4F-8128-50AD55158552}.Debug|x64.Build.0 = Debug|Any CPU
		{2E860172-E8C9-4A4F-8128-50AD55158552}.Debug|x86.ActiveCfg = Debug|Any CPU
		{2E860172-E8C9-4A4F-8128-50AD55158552}.Debug|x86.Build.0 = Debug|Any CPU
		{2E860172-E8C9-4A4F-8128-50AD55158552}.Release|Any CPU.ActiveCfg = Release|Any CPU
		{2E860172-E8C9-4A4F-8128-50AD55158552}.Release|Any CPU.Build.0 = Release|Any CPU
		{2E860172-E8C9-4A4F-8128-50AD55158552}.Release|ARM.ActiveCfg = Release|Any CPU
		{2E860172-E8C9-4A4F-8128-50AD55158552}.Release|ARM.Build.0 = Release|Any CPU
		{2E860172-E8C9-4A4F-8128-50AD55158552}.Release|x64.ActiveCfg = Release|Any CPU
		{2E860172-E8C9-4A4F-8128-50AD55158552}.Release|x64.Build.0 = Release|Any CPU
		{2E860172-E8C9-4A4F-8128-50AD55158552}.Release|x86.ActiveCfg = Release|Any CPU
		{2E860172-E8C9-4A4F-8128-50AD55158552}.Release|x86.Build.0 = Release|Any CPU
		{95FBB119-653F-4B5F-8DAC-6BE3D98ED6EB}.Debug|Any CPU.ActiveCfg = Debug|Any CPU
		{95FBB119-653F-4B5F-8DAC-6BE3D98ED6EB}.Debug|Any CPU.Build.0 = Debug|Any CPU
		{95FBB119-653F-4B5F-8DAC-6BE3D98ED6EB}.Debug|ARM.ActiveCfg = Debug|Any CPU
		{95FBB119-653F-4B5F-8DAC-6BE3D98ED6EB}.Debug|ARM.Build.0 = Debug|Any CPU
		{95FBB119-653F-4B5F-8DAC-6BE3D98ED6EB}.Debug|x64.ActiveCfg = Debug|Any CPU
		{95FBB119-653F-4B5F-8DAC-6BE3D98ED6EB}.Debug|x64.Build.0 = Debug|Any CPU
		{95FBB119-653F-4B5F-8DAC-6BE3D98ED6EB}.Debug|x86.ActiveCfg = Debug|Any CPU
		{95FBB119-653F-4B5F-8DAC-6BE3D98ED6EB}.Debug|x86.Build.0 = Debug|Any CPU
		{95FBB119-653F-4B5F-8DAC-6BE3D98ED6EB}.Release|Any CPU.ActiveCfg = Release|Any CPU
		{95FBB119-653F-4B5F-8DAC-6BE3D98ED6EB}.Release|Any CPU.Build.0 = Release|Any CPU
		{95FBB119-653F-4B5F-8DAC-6BE3D98ED6EB}.Release|ARM.ActiveCfg = Release|Any CPU
		{95FBB119-653F-4B5F-8DAC-6BE3D98ED6EB}.Release|ARM.Build.0 = Release|Any CPU
		{95FBB119-653F-4B5F-8DAC-6BE3D98ED6EB}.Release|x64.ActiveCfg = Release|Any CPU
		{95FBB119-653F-4B5F-8DAC-6BE3D98ED6EB}.Release|x64.Build.0 = Release|Any CPU
		{95FBB119-653F-4B5F-8DAC-6BE3D98ED6EB}.Release|x86.ActiveCfg = Release|Any CPU
		{95FBB119-653F-4B5F-8DAC-6BE3D98ED6EB}.Release|x86.Build.0 = Release|Any CPU
	EndGlobalSection
	GlobalSection(SolutionProperties) = preSolution
		HideSolutionNode = FALSE
	EndGlobalSection
	GlobalSection(NestedProjects) = preSolution
		{9C21B407-C1E0-4CDE-838A-B5F5D6EACC44} = {9E706A2A-8DE6-4835-BEC9-CAFE7E08D4FE}
		{6C94CA79-74AD-4C14-9CA8-E26936DA506B} = {9E706A2A-8DE6-4835-BEC9-CAFE7E08D4FE}
		{B9369CAE-49D6-40E8-B3DE-1687EE2F1B68} = {9E706A2A-8DE6-4835-BEC9-CAFE7E08D4FE}
		{203A349C-D9D2-4F70-853D-7B1A3ECC0ED0} = {9E706A2A-8DE6-4835-BEC9-CAFE7E08D4FE}
		{4270294E-D81A-4095-A6B5-995258C690F0} = {9E706A2A-8DE6-4835-BEC9-CAFE7E08D4FE}
		{8E67A0F4-0AA7-42D1-9CBD-201D592C2A5B} = {9E706A2A-8DE6-4835-BEC9-CAFE7E08D4FE}
		{D203C030-3764-496F-8667-9C39F5AAB2B4} = {9E706A2A-8DE6-4835-BEC9-CAFE7E08D4FE}
		{D3E0ECF4-D611-4B71-8DC2-1F2AC17EC9B2} = {D203C030-3764-496F-8667-9C39F5AAB2B4}
		{D319A6B7-FB5D-4E18-B7FF-2FEC42D55830} = {D203C030-3764-496F-8667-9C39F5AAB2B4}
		{95342541-A733-49D4-91E8-EFE796817E8D} = {D203C030-3764-496F-8667-9C39F5AAB2B4}
		{844CF2D6-0AA1-4901-8440-0AF1F1EBE395} = {D203C030-3764-496F-8667-9C39F5AAB2B4}
		{5C861B6B-B8E6-4C43-83BA-F07159D628FB} = {A6A67FB6-F02E-4B44-A270-2F7466EFABA3}
		{ADEC2F24-ADEB-4D55-B847-1D8B010817FB} = {A6A67FB6-F02E-4B44-A270-2F7466EFABA3}
		{D6D17D31-CDFD-4AFF-A282-AA6384D12171} = {A6A67FB6-F02E-4B44-A270-2F7466EFABA3}
		{714E464D-67DF-4DA3-8242-F7D7CDA1A70B} = {5C861B6B-B8E6-4C43-83BA-F07159D628FB}
		{2E860172-E8C9-4A4F-8128-50AD55158552} = {5C861B6B-B8E6-4C43-83BA-F07159D628FB}
	EndGlobalSection
EndGlobal
