
Microsoft Visual Studio Solution File, Format Version 12.00
# Visual Studio 14
VisualStudioVersion = 14.0.25420.1
MinimumVisualStudioVersion = 10.0.40219.1
Project("{2150E333-8FDC-42A3-9474-1A3956D46DE8}") = "src", "src", "{9C532F6D-7563-4D26-B89B-E4069760C051}"
EndProject
Project("{2150E333-8FDC-42A3-9474-1A3956D46DE8}") = "test", "test", "{8F923E05-8502-4D3A-BC0C-6081618C8A83}"
EndProject
Project("{FAE04EC0-301F-11D3-BF4B-00C04F79EFBC}") = "Domain", "src\Domain\Domain.csproj", "{D565766F-F84B-4BA5-AC0E-8BA6D9D79BDC}"
EndProject
Project("{FAE04EC0-301F-11D3-BF4B-00C04F79EFBC}") = "Domain.Infrastructure", "src\Domain.Infrastructure\Domain.Infrastructure.csproj", "{3503CE53-113A-4AB1-95A3-2694A8583253}"
EndProject
Project("{FAE04EC0-301F-11D3-BF4B-00C04F79EFBC}") = "Domain.Infrastructure.Tests", "test\Domain.Infrastructure.Tests\Domain.Infrastructure.Tests.csproj", "{C8F9DE90-10AB-47EE-B026-8DDCF8E0F5F8}"
EndProject
Project("{FAE04EC0-301F-11D3-BF4B-00C04F79EFBC}") = "Domain.NHibernate", "src\Domain.NHibernate\Domain.NHibernate.csproj", "{0879F6D9-9105-4ABC-87E9-FD0C6456688D}"
EndProject
Project("{2150E333-8FDC-42A3-9474-1A3956D46DE8}") = "test.infrastructure", "test.infrastructure", "{E1D81584-03D2-4BDE-BAFE-309F2C98C265}"
EndProject
Project("{FAE04EC0-301F-11D3-BF4B-00C04F79EFBC}") = "Test.Infrastructure.Tests", "test\Test.Infrastructure.Tests\Test.Infrastructure.Tests.csproj", "{EFD164C8-EC9C-4C31-81F2-2907B23579A6}"
EndProject
Project("{FAE04EC0-301F-11D3-BF4B-00C04F79EFBC}") = "Test.Infrastructure", "test.infrastructure\Test.Infrastructure\Test.Infrastructure.csproj", "{0345F9E6-D90A-47B7-983A-C997CD4E869B}"
EndProject
Project("{FAE04EC0-301F-11D3-BF4B-00C04F79EFBC}") = "IntergrationTests", "test\IntergrationTests\IntergrationTests.csproj", "{1C3F4351-5E29-44AE-A75A-F778FA051A58}"
EndProject
Project("{2150E333-8FDC-42A3-9474-1A3956D46DE8}") = ".nuget", ".nuget", "{4A7BB395-0928-417D-A011-F96E36BF5E89}"
	ProjectSection(SolutionItems) = preProject
		nuget.config = nuget.config
	EndProjectSection
EndProject
Project("{FAE04EC0-301F-11D3-BF4B-00C04F79EFBC}") = "Domain.Tests", "test\Domain.Tests\Domain.Tests.csproj", "{209EC491-D9E1-4151-9A90-82A1B6DA95B1}"
EndProject
Project("{FAE04EC0-301F-11D3-BF4B-00C04F79EFBC}") = "WebUI", "src\WebUI\WebUI.csproj", "{2A590126-C546-4DE1-8E2D-E354A44918DB}"
EndProject
Project("{FAE04EC0-301F-11D3-BF4B-00C04F79EFBC}") = "WebUI.CompositionRoot", "src\WebUI.CompositionRoot\WebUI.CompositionRoot.csproj", "{95FBB119-653F-4B5F-8DAC-6BE3D98ED6EB}"
EndProject
Project("{FAE04EC0-301F-11D3-BF4B-00C04F79EFBC}") = "Domain.Linq", "src\Domain.Linq\Domain.Linq.csproj", "{EF8E7ABE-8039-445D-9EE6-CFC4776DE4F0}"
EndProject
Project("{FAE04EC0-301F-11D3-BF4B-00C04F79EFBC}") = "Domain.Services", "src\Domain.Services\Domain.Services.csproj", "{C3A3DE90-8239-4FBF-A853-D4F743FE9391}"
EndProject
Project("{FAE04EC0-301F-11D3-BF4B-00C04F79EFBC}") = "WebUI.Tests", "test\WebUI.Tests\WebUI.Tests.csproj", "{4B2494DE-6A21-4459-8FBE-4A6D34835F25}"
EndProject
Project("{FAE04EC0-301F-11D3-BF4B-00C04F79EFBC}") = "Domain.Services.Tests", "test\Domain.Services.Tests\Domain.Services.Tests.csproj", "{DD648033-9466-43A8-A78B-62F664C1E546}"
EndProject
Project("{FAE04EC0-301F-11D3-BF4B-00C04F79EFBC}") = "Data.Seed", "src\Data.Seed\Data.Seed.csproj", "{A00DE7C7-E621-45DB-92A5-18E95B1BDF08}"
EndProject
Global
	GlobalSection(SolutionConfigurationPlatforms) = preSolution
		Debug|Any CPU = Debug|Any CPU
		Debug|ARM = Debug|ARM
		Debug|x64 = Debug|x64
		Debug|x86 = Debug|x86
		Release|Any CPU = Release|Any CPU
		Release|ARM = Release|ARM
		Release|x64 = Release|x64
		Release|x86 = Release|x86
	EndGlobalSection
	GlobalSection(ProjectConfigurationPlatforms) = postSolution
		{D565766F-F84B-4BA5-AC0E-8BA6D9D79BDC}.Debug|Any CPU.ActiveCfg = Debug|Any CPU
		{D565766F-F84B-4BA5-AC0E-8BA6D9D79BDC}.Debug|Any CPU.Build.0 = Debug|Any CPU
		{D565766F-F84B-4BA5-AC0E-8BA6D9D79BDC}.Debug|ARM.ActiveCfg = Debug|Any CPU
		{D565766F-F84B-4BA5-AC0E-8BA6D9D79BDC}.Debug|ARM.Build.0 = Debug|Any CPU
		{D565766F-F84B-4BA5-AC0E-8BA6D9D79BDC}.Debug|x64.ActiveCfg = Debug|Any CPU
		{D565766F-F84B-4BA5-AC0E-8BA6D9D79BDC}.Debug|x64.Build.0 = Debug|Any CPU
		{D565766F-F84B-4BA5-AC0E-8BA6D9D79BDC}.Debug|x86.ActiveCfg = Debug|Any CPU
		{D565766F-F84B-4BA5-AC0E-8BA6D9D79BDC}.Debug|x86.Build.0 = Debug|Any CPU
		{D565766F-F84B-4BA5-AC0E-8BA6D9D79BDC}.Release|Any CPU.ActiveCfg = Release|Any CPU
		{D565766F-F84B-4BA5-AC0E-8BA6D9D79BDC}.Release|Any CPU.Build.0 = Release|Any CPU
		{D565766F-F84B-4BA5-AC0E-8BA6D9D79BDC}.Release|ARM.ActiveCfg = Release|Any CPU
		{D565766F-F84B-4BA5-AC0E-8BA6D9D79BDC}.Release|ARM.Build.0 = Release|Any CPU
		{D565766F-F84B-4BA5-AC0E-8BA6D9D79BDC}.Release|x64.ActiveCfg = Release|Any CPU
		{D565766F-F84B-4BA5-AC0E-8BA6D9D79BDC}.Release|x64.Build.0 = Release|Any CPU
		{D565766F-F84B-4BA5-AC0E-8BA6D9D79BDC}.Release|x86.ActiveCfg = Release|Any CPU
		{D565766F-F84B-4BA5-AC0E-8BA6D9D79BDC}.Release|x86.Build.0 = Release|Any CPU
		{3503CE53-113A-4AB1-95A3-2694A8583253}.Debug|Any CPU.ActiveCfg = Debug|Any CPU
		{3503CE53-113A-4AB1-95A3-2694A8583253}.Debug|Any CPU.Build.0 = Debug|Any CPU
		{3503CE53-113A-4AB1-95A3-2694A8583253}.Debug|ARM.ActiveCfg = Debug|Any CPU
		{3503CE53-113A-4AB1-95A3-2694A8583253}.Debug|ARM.Build.0 = Debug|Any CPU
		{3503CE53-113A-4AB1-95A3-2694A8583253}.Debug|x64.ActiveCfg = Debug|Any CPU
		{3503CE53-113A-4AB1-95A3-2694A8583253}.Debug|x64.Build.0 = Debug|Any CPU
		{3503CE53-113A-4AB1-95A3-2694A8583253}.Debug|x86.ActiveCfg = Debug|Any CPU
		{3503CE53-113A-4AB1-95A3-2694A8583253}.Debug|x86.Build.0 = Debug|Any CPU
		{3503CE53-113A-4AB1-95A3-2694A8583253}.Release|Any CPU.ActiveCfg = Release|Any CPU
		{3503CE53-113A-4AB1-95A3-2694A8583253}.Release|Any CPU.Build.0 = Release|Any CPU
		{3503CE53-113A-4AB1-95A3-2694A8583253}.Release|ARM.ActiveCfg = Release|Any CPU
		{3503CE53-113A-4AB1-95A3-2694A8583253}.Release|ARM.Build.0 = Release|Any CPU
		{3503CE53-113A-4AB1-95A3-2694A8583253}.Release|x64.ActiveCfg = Release|Any CPU
		{3503CE53-113A-4AB1-95A3-2694A8583253}.Release|x64.Build.0 = Release|Any CPU
		{3503CE53-113A-4AB1-95A3-2694A8583253}.Release|x86.ActiveCfg = Release|Any CPU
		{3503CE53-113A-4AB1-95A3-2694A8583253}.Release|x86.Build.0 = Release|Any CPU
		{C8F9DE90-10AB-47EE-B026-8DDCF8E0F5F8}.Debug|Any CPU.ActiveCfg = Debug|Any CPU
		{C8F9DE90-10AB-47EE-B026-8DDCF8E0F5F8}.Debug|Any CPU.Build.0 = Debug|Any CPU
		{C8F9DE90-10AB-47EE-B026-8DDCF8E0F5F8}.Debug|ARM.ActiveCfg = Debug|Any CPU
		{C8F9DE90-10AB-47EE-B026-8DDCF8E0F5F8}.Debug|ARM.Build.0 = Debug|Any CPU
		{C8F9DE90-10AB-47EE-B026-8DDCF8E0F5F8}.Debug|x64.ActiveCfg = Debug|Any CPU
		{C8F9DE90-10AB-47EE-B026-8DDCF8E0F5F8}.Debug|x64.Build.0 = Debug|Any CPU
		{C8F9DE90-10AB-47EE-B026-8DDCF8E0F5F8}.Debug|x86.ActiveCfg = Debug|Any CPU
		{C8F9DE90-10AB-47EE-B026-8DDCF8E0F5F8}.Debug|x86.Build.0 = Debug|Any CPU
		{C8F9DE90-10AB-47EE-B026-8DDCF8E0F5F8}.Release|Any CPU.ActiveCfg = Release|Any CPU
		{C8F9DE90-10AB-47EE-B026-8DDCF8E0F5F8}.Release|Any CPU.Build.0 = Release|Any CPU
		{C8F9DE90-10AB-47EE-B026-8DDCF8E0F5F8}.Release|ARM.ActiveCfg = Release|Any CPU
		{C8F9DE90-10AB-47EE-B026-8DDCF8E0F5F8}.Release|ARM.Build.0 = Release|Any CPU
		{C8F9DE90-10AB-47EE-B026-8DDCF8E0F5F8}.Release|x64.ActiveCfg = Release|Any CPU
		{C8F9DE90-10AB-47EE-B026-8DDCF8E0F5F8}.Release|x64.Build.0 = Release|Any CPU
		{C8F9DE90-10AB-47EE-B026-8DDCF8E0F5F8}.Release|x86.ActiveCfg = Release|Any CPU
		{C8F9DE90-10AB-47EE-B026-8DDCF8E0F5F8}.Release|x86.Build.0 = Release|Any CPU
		{0879F6D9-9105-4ABC-87E9-FD0C6456688D}.Debug|Any CPU.ActiveCfg = Debug|Any CPU
		{0879F6D9-9105-4ABC-87E9-FD0C6456688D}.Debug|Any CPU.Build.0 = Debug|Any CPU
		{0879F6D9-9105-4ABC-87E9-FD0C6456688D}.Debug|ARM.ActiveCfg = Debug|Any CPU
		{0879F6D9-9105-4ABC-87E9-FD0C6456688D}.Debug|ARM.Build.0 = Debug|Any CPU
		{0879F6D9-9105-4ABC-87E9-FD0C6456688D}.Debug|x64.ActiveCfg = Debug|Any CPU
		{0879F6D9-9105-4ABC-87E9-FD0C6456688D}.Debug|x64.Build.0 = Debug|Any CPU
		{0879F6D9-9105-4ABC-87E9-FD0C6456688D}.Debug|x86.ActiveCfg = Debug|Any CPU
		{0879F6D9-9105-4ABC-87E9-FD0C6456688D}.Debug|x86.Build.0 = Debug|Any CPU
		{0879F6D9-9105-4ABC-87E9-FD0C6456688D}.Release|Any CPU.ActiveCfg = Release|Any CPU
		{0879F6D9-9105-4ABC-87E9-FD0C6456688D}.Release|Any CPU.Build.0 = Release|Any CPU
		{0879F6D9-9105-4ABC-87E9-FD0C6456688D}.Release|ARM.ActiveCfg = Release|Any CPU
		{0879F6D9-9105-4ABC-87E9-FD0C6456688D}.Release|ARM.Build.0 = Release|Any CPU
		{0879F6D9-9105-4ABC-87E9-FD0C6456688D}.Release|x64.ActiveCfg = Release|Any CPU
		{0879F6D9-9105-4ABC-87E9-FD0C6456688D}.Release|x64.Build.0 = Release|Any CPU
		{0879F6D9-9105-4ABC-87E9-FD0C6456688D}.Release|x86.ActiveCfg = Release|Any CPU
		{0879F6D9-9105-4ABC-87E9-FD0C6456688D}.Release|x86.Build.0 = Release|Any CPU
		{EFD164C8-EC9C-4C31-81F2-2907B23579A6}.Debug|Any CPU.ActiveCfg = Debug|Any CPU
		{EFD164C8-EC9C-4C31-81F2-2907B23579A6}.Debug|Any CPU.Build.0 = Debug|Any CPU
		{EFD164C8-EC9C-4C31-81F2-2907B23579A6}.Debug|ARM.ActiveCfg = Debug|Any CPU
		{EFD164C8-EC9C-4C31-81F2-2907B23579A6}.Debug|ARM.Build.0 = Debug|Any CPU
		{EFD164C8-EC9C-4C31-81F2-2907B23579A6}.Debug|x64.ActiveCfg = Debug|Any CPU
		{EFD164C8-EC9C-4C31-81F2-2907B23579A6}.Debug|x64.Build.0 = Debug|Any CPU
		{EFD164C8-EC9C-4C31-81F2-2907B23579A6}.Debug|x86.ActiveCfg = Debug|Any CPU
		{EFD164C8-EC9C-4C31-81F2-2907B23579A6}.Debug|x86.Build.0 = Debug|Any CPU
		{EFD164C8-EC9C-4C31-81F2-2907B23579A6}.Release|Any CPU.ActiveCfg = Release|Any CPU
		{EFD164C8-EC9C-4C31-81F2-2907B23579A6}.Release|Any CPU.Build.0 = Release|Any CPU
		{EFD164C8-EC9C-4C31-81F2-2907B23579A6}.Release|ARM.ActiveCfg = Release|Any CPU
		{EFD164C8-EC9C-4C31-81F2-2907B23579A6}.Release|ARM.Build.0 = Release|Any CPU
		{EFD164C8-EC9C-4C31-81F2-2907B23579A6}.Release|x64.ActiveCfg = Release|Any CPU
		{EFD164C8-EC9C-4C31-81F2-2907B23579A6}.Release|x64.Build.0 = Release|Any CPU
		{EFD164C8-EC9C-4C31-81F2-2907B23579A6}.Release|x86.ActiveCfg = Release|Any CPU
		{EFD164C8-EC9C-4C31-81F2-2907B23579A6}.Release|x86.Build.0 = Release|Any CPU
		{0345F9E6-D90A-47B7-983A-C997CD4E869B}.Debug|Any CPU.ActiveCfg = Debug|Any CPU
		{0345F9E6-D90A-47B7-983A-C997CD4E869B}.Debug|Any CPU.Build.0 = Debug|Any CPU
		{0345F9E6-D90A-47B7-983A-C997CD4E869B}.Debug|ARM.ActiveCfg = Debug|Any CPU
		{0345F9E6-D90A-47B7-983A-C997CD4E869B}.Debug|ARM.Build.0 = Debug|Any CPU
		{0345F9E6-D90A-47B7-983A-C997CD4E869B}.Debug|x64.ActiveCfg = Debug|Any CPU
		{0345F9E6-D90A-47B7-983A-C997CD4E869B}.Debug|x64.Build.0 = Debug|Any CPU
		{0345F9E6-D90A-47B7-983A-C997CD4E869B}.Debug|x86.ActiveCfg = Debug|Any CPU
		{0345F9E6-D90A-47B7-983A-C997CD4E869B}.Debug|x86.Build.0 = Debug|Any CPU
		{0345F9E6-D90A-47B7-983A-C997CD4E869B}.Release|Any CPU.ActiveCfg = Release|Any CPU
		{0345F9E6-D90A-47B7-983A-C997CD4E869B}.Release|Any CPU.Build.0 = Release|Any CPU
		{0345F9E6-D90A-47B7-983A-C997CD4E869B}.Release|ARM.ActiveCfg = Release|Any CPU
		{0345F9E6-D90A-47B7-983A-C997CD4E869B}.Release|ARM.Build.0 = Release|Any CPU
		{0345F9E6-D90A-47B7-983A-C997CD4E869B}.Release|x64.ActiveCfg = Release|Any CPU
		{0345F9E6-D90A-47B7-983A-C997CD4E869B}.Release|x64.Build.0 = Release|Any CPU
		{0345F9E6-D90A-47B7-983A-C997CD4E869B}.Release|x86.ActiveCfg = Release|Any CPU
		{0345F9E6-D90A-47B7-983A-C997CD4E869B}.Release|x86.Build.0 = Release|Any CPU
		{1C3F4351-5E29-44AE-A75A-F778FA051A58}.Debug|Any CPU.ActiveCfg = Debug|Any CPU
		{1C3F4351-5E29-44AE-A75A-F778FA051A58}.Debug|Any CPU.Build.0 = Debug|Any CPU
		{1C3F4351-5E29-44AE-A75A-F778FA051A58}.Debug|ARM.ActiveCfg = Debug|Any CPU
		{1C3F4351-5E29-44AE-A75A-F778FA051A58}.Debug|ARM.Build.0 = Debug|Any CPU
		{1C3F4351-5E29-44AE-A75A-F778FA051A58}.Debug|x64.ActiveCfg = Debug|Any CPU
		{1C3F4351-5E29-44AE-A75A-F778FA051A58}.Debug|x64.Build.0 = Debug|Any CPU
		{1C3F4351-5E29-44AE-A75A-F778FA051A58}.Debug|x86.ActiveCfg = Debug|Any CPU
		{1C3F4351-5E29-44AE-A75A-F778FA051A58}.Debug|x86.Build.0 = Debug|Any CPU
		{1C3F4351-5E29-44AE-A75A-F778FA051A58}.Release|Any CPU.ActiveCfg = Release|Any CPU
		{1C3F4351-5E29-44AE-A75A-F778FA051A58}.Release|Any CPU.Build.0 = Release|Any CPU
		{1C3F4351-5E29-44AE-A75A-F778FA051A58}.Release|ARM.ActiveCfg = Release|Any CPU
		{1C3F4351-5E29-44AE-A75A-F778FA051A58}.Release|ARM.Build.0 = Release|Any CPU
		{1C3F4351-5E29-44AE-A75A-F778FA051A58}.Release|x64.ActiveCfg = Release|Any CPU
		{1C3F4351-5E29-44AE-A75A-F778FA051A58}.Release|x64.Build.0 = Release|Any CPU
		{1C3F4351-5E29-44AE-A75A-F778FA051A58}.Release|x86.ActiveCfg = Release|Any CPU
		{1C3F4351-5E29-44AE-A75A-F778FA051A58}.Release|x86.Build.0 = Release|Any CPU
		{209EC491-D9E1-4151-9A90-82A1B6DA95B1}.Debug|Any CPU.ActiveCfg = Debug|Any CPU
		{209EC491-D9E1-4151-9A90-82A1B6DA95B1}.Debug|Any CPU.Build.0 = Debug|Any CPU
		{209EC491-D9E1-4151-9A90-82A1B6DA95B1}.Debug|ARM.ActiveCfg = Debug|Any CPU
		{209EC491-D9E1-4151-9A90-82A1B6DA95B1}.Debug|ARM.Build.0 = Debug|Any CPU
		{209EC491-D9E1-4151-9A90-82A1B6DA95B1}.Debug|x64.ActiveCfg = Debug|Any CPU
		{209EC491-D9E1-4151-9A90-82A1B6DA95B1}.Debug|x64.Build.0 = Debug|Any CPU
		{209EC491-D9E1-4151-9A90-82A1B6DA95B1}.Debug|x86.ActiveCfg = Debug|Any CPU
		{209EC491-D9E1-4151-9A90-82A1B6DA95B1}.Debug|x86.Build.0 = Debug|Any CPU
		{209EC491-D9E1-4151-9A90-82A1B6DA95B1}.Release|Any CPU.ActiveCfg = Release|Any CPU
		{209EC491-D9E1-4151-9A90-82A1B6DA95B1}.Release|Any CPU.Build.0 = Release|Any CPU
		{209EC491-D9E1-4151-9A90-82A1B6DA95B1}.Release|ARM.ActiveCfg = Release|Any CPU
		{209EC491-D9E1-4151-9A90-82A1B6DA95B1}.Release|ARM.Build.0 = Release|Any CPU
		{209EC491-D9E1-4151-9A90-82A1B6DA95B1}.Release|x64.ActiveCfg = Release|Any CPU
		{209EC491-D9E1-4151-9A90-82A1B6DA95B1}.Release|x64.Build.0 = Release|Any CPU
		{209EC491-D9E1-4151-9A90-82A1B6DA95B1}.Release|x86.ActiveCfg = Release|Any CPU
		{209EC491-D9E1-4151-9A90-82A1B6DA95B1}.Release|x86.Build.0 = Release|Any CPU
		{2A590126-C546-4DE1-8E2D-E354A44918DB}.Debug|Any CPU.ActiveCfg = Debug|Any CPU
		{2A590126-C546-4DE1-8E2D-E354A44918DB}.Debug|Any CPU.Build.0 = Debug|Any CPU
		{2A590126-C546-4DE1-8E2D-E354A44918DB}.Debug|ARM.ActiveCfg = Debug|Any CPU
		{2A590126-C546-4DE1-8E2D-E354A44918DB}.Debug|ARM.Build.0 = Debug|Any CPU
		{2A590126-C546-4DE1-8E2D-E354A44918DB}.Debug|x64.ActiveCfg = Debug|Any CPU
		{2A590126-C546-4DE1-8E2D-E354A44918DB}.Debug|x64.Build.0 = Debug|Any CPU
		{2A590126-C546-4DE1-8E2D-E354A44918DB}.Debug|x86.ActiveCfg = Debug|Any CPU
		{2A590126-C546-4DE1-8E2D-E354A44918DB}.Debug|x86.Build.0 = Debug|Any CPU
		{2A590126-C546-4DE1-8E2D-E354A44918DB}.Release|Any CPU.ActiveCfg = Release|Any CPU
		{2A590126-C546-4DE1-8E2D-E354A44918DB}.Release|Any CPU.Build.0 = Release|Any CPU
		{2A590126-C546-4DE1-8E2D-E354A44918DB}.Release|ARM.ActiveCfg = Release|Any CPU
		{2A590126-C546-4DE1-8E2D-E354A44918DB}.Release|ARM.Build.0 = Release|Any CPU
		{2A590126-C546-4DE1-8E2D-E354A44918DB}.Release|x64.ActiveCfg = Release|Any CPU
		{2A590126-C546-4DE1-8E2D-E354A44918DB}.Release|x64.Build.0 = Release|Any CPU
		{2A590126-C546-4DE1-8E2D-E354A44918DB}.Release|x86.ActiveCfg = Release|Any CPU
		{2A590126-C546-4DE1-8E2D-E354A44918DB}.Release|x86.Build.0 = Release|Any CPU
		{95FBB119-653F-4B5F-8DAC-6BE3D98ED6EB}.Debug|Any CPU.ActiveCfg = Debug|Any CPU
		{95FBB119-653F-4B5F-8DAC-6BE3D98ED6EB}.Debug|Any CPU.Build.0 = Debug|Any CPU
		{95FBB119-653F-4B5F-8DAC-6BE3D98ED6EB}.Debug|ARM.ActiveCfg = Debug|Any CPU
		{95FBB119-653F-4B5F-8DAC-6BE3D98ED6EB}.Debug|ARM.Build.0 = Debug|Any CPU
		{95FBB119-653F-4B5F-8DAC-6BE3D98ED6EB}.Debug|x64.ActiveCfg = Debug|Any CPU
		{95FBB119-653F-4B5F-8DAC-6BE3D98ED6EB}.Debug|x64.Build.0 = Debug|Any CPU
		{95FBB119-653F-4B5F-8DAC-6BE3D98ED6EB}.Debug|x86.ActiveCfg = Debug|Any CPU
		{95FBB119-653F-4B5F-8DAC-6BE3D98ED6EB}.Debug|x86.Build.0 = Debug|Any CPU
		{95FBB119-653F-4B5F-8DAC-6BE3D98ED6EB}.Release|Any CPU.ActiveCfg = Release|Any CPU
		{95FBB119-653F-4B5F-8DAC-6BE3D98ED6EB}.Release|Any CPU.Build.0 = Release|Any CPU
		{95FBB119-653F-4B5F-8DAC-6BE3D98ED6EB}.Release|ARM.ActiveCfg = Release|Any CPU
		{95FBB119-653F-4B5F-8DAC-6BE3D98ED6EB}.Release|ARM.Build.0 = Release|Any CPU
		{95FBB119-653F-4B5F-8DAC-6BE3D98ED6EB}.Release|x64.ActiveCfg = Release|Any CPU
		{95FBB119-653F-4B5F-8DAC-6BE3D98ED6EB}.Release|x64.Build.0 = Release|Any CPU
		{95FBB119-653F-4B5F-8DAC-6BE3D98ED6EB}.Release|x86.ActiveCfg = Release|Any CPU
		{95FBB119-653F-4B5F-8DAC-6BE3D98ED6EB}.Release|x86.Build.0 = Release|Any CPU
		{EF8E7ABE-8039-445D-9EE6-CFC4776DE4F0}.Debug|Any CPU.ActiveCfg = Debug|Any CPU
		{EF8E7ABE-8039-445D-9EE6-CFC4776DE4F0}.Debug|Any CPU.Build.0 = Debug|Any CPU
		{EF8E7ABE-8039-445D-9EE6-CFC4776DE4F0}.Debug|ARM.ActiveCfg = Debug|Any CPU
		{EF8E7ABE-8039-445D-9EE6-CFC4776DE4F0}.Debug|ARM.Build.0 = Debug|Any CPU
		{EF8E7ABE-8039-445D-9EE6-CFC4776DE4F0}.Debug|x64.ActiveCfg = Debug|Any CPU
		{EF8E7ABE-8039-445D-9EE6-CFC4776DE4F0}.Debug|x64.Build.0 = Debug|Any CPU
		{EF8E7ABE-8039-445D-9EE6-CFC4776DE4F0}.Debug|x86.ActiveCfg = Debug|Any CPU
		{EF8E7ABE-8039-445D-9EE6-CFC4776DE4F0}.Debug|x86.Build.0 = Debug|Any CPU
		{EF8E7ABE-8039-445D-9EE6-CFC4776DE4F0}.Release|Any CPU.ActiveCfg = Release|Any CPU
		{EF8E7ABE-8039-445D-9EE6-CFC4776DE4F0}.Release|Any CPU.Build.0 = Release|Any CPU
		{EF8E7ABE-8039-445D-9EE6-CFC4776DE4F0}.Release|ARM.ActiveCfg = Release|Any CPU
		{EF8E7ABE-8039-445D-9EE6-CFC4776DE4F0}.Release|ARM.Build.0 = Release|Any CPU
		{EF8E7ABE-8039-445D-9EE6-CFC4776DE4F0}.Release|x64.ActiveCfg = Release|Any CPU
		{EF8E7ABE-8039-445D-9EE6-CFC4776DE4F0}.Release|x64.Build.0 = Release|Any CPU
		{EF8E7ABE-8039-445D-9EE6-CFC4776DE4F0}.Release|x86.ActiveCfg = Release|Any CPU
		{EF8E7ABE-8039-445D-9EE6-CFC4776DE4F0}.Release|x86.Build.0 = Release|Any CPU
		{C3A3DE90-8239-4FBF-A853-D4F743FE9391}.Debug|Any CPU.ActiveCfg = Debug|Any CPU
		{C3A3DE90-8239-4FBF-A853-D4F743FE9391}.Debug|Any CPU.Build.0 = Debug|Any CPU
		{C3A3DE90-8239-4FBF-A853-D4F743FE9391}.Debug|ARM.ActiveCfg = Debug|Any CPU
		{C3A3DE90-8239-4FBF-A853-D4F743FE9391}.Debug|ARM.Build.0 = Debug|Any CPU
		{C3A3DE90-8239-4FBF-A853-D4F743FE9391}.Debug|x64.ActiveCfg = Debug|Any CPU
		{C3A3DE90-8239-4FBF-A853-D4F743FE9391}.Debug|x64.Build.0 = Debug|Any CPU
		{C3A3DE90-8239-4FBF-A853-D4F743FE9391}.Debug|x86.ActiveCfg = Debug|Any CPU
		{C3A3DE90-8239-4FBF-A853-D4F743FE9391}.Debug|x86.Build.0 = Debug|Any CPU
		{C3A3DE90-8239-4FBF-A853-D4F743FE9391}.Release|Any CPU.ActiveCfg = Release|Any CPU
		{C3A3DE90-8239-4FBF-A853-D4F743FE9391}.Release|Any CPU.Build.0 = Release|Any CPU
		{C3A3DE90-8239-4FBF-A853-D4F743FE9391}.Release|ARM.ActiveCfg = Release|Any CPU
		{C3A3DE90-8239-4FBF-A853-D4F743FE9391}.Release|ARM.Build.0 = Release|Any CPU
		{C3A3DE90-8239-4FBF-A853-D4F743FE9391}.Release|x64.ActiveCfg = Release|Any CPU
		{C3A3DE90-8239-4FBF-A853-D4F743FE9391}.Release|x64.Build.0 = Release|Any CPU
		{C3A3DE90-8239-4FBF-A853-D4F743FE9391}.Release|x86.ActiveCfg = Release|Any CPU
		{C3A3DE90-8239-4FBF-A853-D4F743FE9391}.Release|x86.Build.0 = Release|Any CPU
		{4B2494DE-6A21-4459-8FBE-4A6D34835F25}.Debug|Any CPU.ActiveCfg = Debug|Any CPU
		{4B2494DE-6A21-4459-8FBE-4A6D34835F25}.Debug|Any CPU.Build.0 = Debug|Any CPU
		{4B2494DE-6A21-4459-8FBE-4A6D34835F25}.Debug|ARM.ActiveCfg = Debug|Any CPU
		{4B2494DE-6A21-4459-8FBE-4A6D34835F25}.Debug|ARM.Build.0 = Debug|Any CPU
		{4B2494DE-6A21-4459-8FBE-4A6D34835F25}.Debug|x64.ActiveCfg = Debug|Any CPU
		{4B2494DE-6A21-4459-8FBE-4A6D34835F25}.Debug|x64.Build.0 = Debug|Any CPU
		{4B2494DE-6A21-4459-8FBE-4A6D34835F25}.Debug|x86.ActiveCfg = Debug|Any CPU
		{4B2494DE-6A21-4459-8FBE-4A6D34835F25}.Debug|x86.Build.0 = Debug|Any CPU
		{4B2494DE-6A21-4459-8FBE-4A6D34835F25}.Release|Any CPU.ActiveCfg = Release|Any CPU
		{4B2494DE-6A21-4459-8FBE-4A6D34835F25}.Release|Any CPU.Build.0 = Release|Any CPU
		{4B2494DE-6A21-4459-8FBE-4A6D34835F25}.Release|ARM.ActiveCfg = Release|Any CPU
		{4B2494DE-6A21-4459-8FBE-4A6D34835F25}.Release|ARM.Build.0 = Release|Any CPU
		{4B2494DE-6A21-4459-8FBE-4A6D34835F25}.Release|x64.ActiveCfg = Release|Any CPU
		{4B2494DE-6A21-4459-8FBE-4A6D34835F25}.Release|x64.Build.0 = Release|Any CPU
		{4B2494DE-6A21-4459-8FBE-4A6D34835F25}.Release|x86.ActiveCfg = Release|Any CPU
		{4B2494DE-6A21-4459-8FBE-4A6D34835F25}.Release|x86.Build.0 = Release|Any CPU
		{DD648033-9466-43A8-A78B-62F664C1E546}.Debug|Any CPU.ActiveCfg = Debug|Any CPU
		{DD648033-9466-43A8-A78B-62F664C1E546}.Debug|Any CPU.Build.0 = Debug|Any CPU
		{DD648033-9466-43A8-A78B-62F664C1E546}.Debug|ARM.ActiveCfg = Debug|Any CPU
		{DD648033-9466-43A8-A78B-62F664C1E546}.Debug|ARM.Build.0 = Debug|Any CPU
		{DD648033-9466-43A8-A78B-62F664C1E546}.Debug|x64.ActiveCfg = Debug|Any CPU
		{DD648033-9466-43A8-A78B-62F664C1E546}.Debug|x64.Build.0 = Debug|Any CPU
		{DD648033-9466-43A8-A78B-62F664C1E546}.Debug|x86.ActiveCfg = Debug|Any CPU
		{DD648033-9466-43A8-A78B-62F664C1E546}.Debug|x86.Build.0 = Debug|Any CPU
		{DD648033-9466-43A8-A78B-62F664C1E546}.Release|Any CPU.ActiveCfg = Release|Any CPU
		{DD648033-9466-43A8-A78B-62F664C1E546}.Release|Any CPU.Build.0 = Release|Any CPU
		{DD648033-9466-43A8-A78B-62F664C1E546}.Release|ARM.ActiveCfg = Release|Any CPU
		{DD648033-9466-43A8-A78B-62F664C1E546}.Release|ARM.Build.0 = Release|Any CPU
		{DD648033-9466-43A8-A78B-62F664C1E546}.Release|x64.ActiveCfg = Release|Any CPU
		{DD648033-9466-43A8-A78B-62F664C1E546}.Release|x64.Build.0 = Release|Any CPU
		{DD648033-9466-43A8-A78B-62F664C1E546}.Release|x86.ActiveCfg = Release|Any CPU
		{DD648033-9466-43A8-A78B-62F664C1E546}.Release|x86.Build.0 = Release|Any CPU
		{A00DE7C7-E621-45DB-92A5-18E95B1BDF08}.Debug|Any CPU.ActiveCfg = Debug|Any CPU
		{A00DE7C7-E621-45DB-92A5-18E95B1BDF08}.Debug|Any CPU.Build.0 = Debug|Any CPU
		{A00DE7C7-E621-45DB-92A5-18E95B1BDF08}.Debug|ARM.ActiveCfg = Debug|Any CPU
		{A00DE7C7-E621-45DB-92A5-18E95B1BDF08}.Debug|ARM.Build.0 = Debug|Any CPU
		{A00DE7C7-E621-45DB-92A5-18E95B1BDF08}.Debug|x64.ActiveCfg = Debug|Any CPU
		{A00DE7C7-E621-45DB-92A5-18E95B1BDF08}.Debug|x64.Build.0 = Debug|Any CPU
		{A00DE7C7-E621-45DB-92A5-18E95B1BDF08}.Debug|x86.ActiveCfg = Debug|Any CPU
		{A00DE7C7-E621-45DB-92A5-18E95B1BDF08}.Debug|x86.Build.0 = Debug|Any CPU
		{A00DE7C7-E621-45DB-92A5-18E95B1BDF08}.Release|Any CPU.ActiveCfg = Release|Any CPU
		{A00DE7C7-E621-45DB-92A5-18E95B1BDF08}.Release|Any CPU.Build.0 = Release|Any CPU
		{A00DE7C7-E621-45DB-92A5-18E95B1BDF08}.Release|ARM.ActiveCfg = Release|Any CPU
		{A00DE7C7-E621-45DB-92A5-18E95B1BDF08}.Release|ARM.Build.0 = Release|Any CPU
		{A00DE7C7-E621-45DB-92A5-18E95B1BDF08}.Release|x64.ActiveCfg = Release|Any CPU
		{A00DE7C7-E621-45DB-92A5-18E95B1BDF08}.Release|x64.Build.0 = Release|Any CPU
		{A00DE7C7-E621-45DB-92A5-18E95B1BDF08}.Release|x86.ActiveCfg = Release|Any CPU
		{A00DE7C7-E621-45DB-92A5-18E95B1BDF08}.Release|x86.Build.0 = Release|Any CPU
	EndGlobalSection
	GlobalSection(SolutionProperties) = preSolution
		HideSolutionNode = FALSE
	EndGlobalSection
	GlobalSection(NestedProjects) = preSolution
		{D565766F-F84B-4BA5-AC0E-8BA6D9D79BDC} = {9C532F6D-7563-4D26-B89B-E4069760C051}
		{3503CE53-113A-4AB1-95A3-2694A8583253} = {9C532F6D-7563-4D26-B89B-E4069760C051}
		{C8F9DE90-10AB-47EE-B026-8DDCF8E0F5F8} = {8F923E05-8502-4D3A-BC0C-6081618C8A83}
		{0879F6D9-9105-4ABC-87E9-FD0C6456688D} = {9C532F6D-7563-4D26-B89B-E4069760C051}
		{EFD164C8-EC9C-4C31-81F2-2907B23579A6} = {8F923E05-8502-4D3A-BC0C-6081618C8A83}
		{0345F9E6-D90A-47B7-983A-C997CD4E869B} = {E1D81584-03D2-4BDE-BAFE-309F2C98C265}
		{1C3F4351-5E29-44AE-A75A-F778FA051A58} = {8F923E05-8502-4D3A-BC0C-6081618C8A83}
		{209EC491-D9E1-4151-9A90-82A1B6DA95B1} = {8F923E05-8502-4D3A-BC0C-6081618C8A83}
		{2A590126-C546-4DE1-8E2D-E354A44918DB} = {9C532F6D-7563-4D26-B89B-E4069760C051}
		{95FBB119-653F-4B5F-8DAC-6BE3D98ED6EB} = {9C532F6D-7563-4D26-B89B-E4069760C051}
		{EF8E7ABE-8039-445D-9EE6-CFC4776DE4F0} = {9C532F6D-7563-4D26-B89B-E4069760C051}
		{C3A3DE90-8239-4FBF-A853-D4F743FE9391} = {9C532F6D-7563-4D26-B89B-E4069760C051}
		{4B2494DE-6A21-4459-8FBE-4A6D34835F25} = {8F923E05-8502-4D3A-BC0C-6081618C8A83}
		{DD648033-9466-43A8-A78B-62F664C1E546} = {8F923E05-8502-4D3A-BC0C-6081618C8A83}
		{A00DE7C7-E621-45DB-92A5-18E95B1BDF08} = {9C532F6D-7563-4D26-B89B-E4069760C051}
	EndGlobalSection
EndGlobal
